// !$*UTF8*$!
{
	archiveVersion = 1;
	classes = {
	};
	objectVersion = 50;
	objects = {

/* Begin PBXBuildFile section */
		400E6B7E24D37C8B00E618BA /* DoneTrackingVC.swift in Sources */ = {isa = PBXBuildFile; fileRef = 400E6B7D24D37C8B00E618BA /* DoneTrackingVC.swift */; };
		400E6B8024D37EDC00E618BA /* UIView+Snapshot.swift in Sources */ = {isa = PBXBuildFile; fileRef = 400E6B7F24D37EDC00E618BA /* UIView+Snapshot.swift */; };
		4010BDA324AFD7190082F7E2 /* RouteCell.swift in Sources */ = {isa = PBXBuildFile; fileRef = 4010BDA124AFD7190082F7E2 /* RouteCell.swift */; };
		4010BDA424AFD7190082F7E2 /* RouteCell.xib in Resources */ = {isa = PBXBuildFile; fileRef = 4010BDA224AFD7190082F7E2 /* RouteCell.xib */; };
		401F9A5724B390900035428B /* LocationChecker.swift in Sources */ = {isa = PBXBuildFile; fileRef = 401F9A5624B390900035428B /* LocationChecker.swift */; };
		4026962B24DA6F5000FB877C /* LogbookVC.swift in Sources */ = {isa = PBXBuildFile; fileRef = 4026962A24DA6F5000FB877C /* LogbookVC.swift */; };
		4026962D24DA6FB100FB877C /* TrackVC.swift in Sources */ = {isa = PBXBuildFile; fileRef = 4026962C24DA6FB100FB877C /* TrackVC.swift */; };
		40343F0624B5261D00507926 /* LogNewRoute.storyboard in Resources */ = {isa = PBXBuildFile; fileRef = 40343F0524B5261D00507926 /* LogNewRoute.storyboard */; };
		4036C25724D9D55400AB27A7 /* ExploreVC.swift in Sources */ = {isa = PBXBuildFile; fileRef = 4036C25624D9D55400AB27A7 /* ExploreVC.swift */; };
		4039FB7924B50F2C00D9F927 /* RouteDetailVC.swift in Sources */ = {isa = PBXBuildFile; fileRef = 4039FB7824B50F2C00D9F927 /* RouteDetailVC.swift */; };
		4044391324BE8B8400CDB237 /* CragCell.swift in Sources */ = {isa = PBXBuildFile; fileRef = 4044391124BE8B8400CDB237 /* CragCell.swift */; };
		4044391424BE8B8400CDB237 /* CragCell.xib in Resources */ = {isa = PBXBuildFile; fileRef = 4044391224BE8B8400CDB237 /* CragCell.xib */; };
		404FDE1424AEA524006AA33E /* NearbyAreas.swift in Sources */ = {isa = PBXBuildFile; fileRef = 404FDE1324AEA524006AA33E /* NearbyAreas.swift */; };
		405E556F24B57C9C00646237 /* SuggestedAreaCell.swift in Sources */ = {isa = PBXBuildFile; fileRef = 405E556D24B57C9C00646237 /* SuggestedAreaCell.swift */; };
		405E557024B57C9C00646237 /* SuggestedAreaCell.xib in Resources */ = {isa = PBXBuildFile; fileRef = 405E556E24B57C9C00646237 /* SuggestedAreaCell.xib */; };
		407A645A24AF8C83006CDFCE /* GreenButton.swift in Sources */ = {isa = PBXBuildFile; fileRef = 407A645924AF8C83006CDFCE /* GreenButton.swift */; };
		407A645C24AF963C006CDFCE /* LogRouteVC.swift in Sources */ = {isa = PBXBuildFile; fileRef = 407A645B24AF963C006CDFCE /* LogRouteVC.swift */; };
		407A646024AFA64F006CDFCE /* MapButton.swift in Sources */ = {isa = PBXBuildFile; fileRef = 407A645F24AFA64F006CDFCE /* MapButton.swift */; };
		40C874D724BA90D200ED0214 /* CragDetail.storyboard in Resources */ = {isa = PBXBuildFile; fileRef = 40C874D624BA90D200ED0214 /* CragDetail.storyboard */; };
		40C874D924BA90E900ED0214 /* RouteDetail.storyboard in Resources */ = {isa = PBXBuildFile; fileRef = 40C874D824BA90E900ED0214 /* RouteDetail.storyboard */; };
		40C874DB24BA910E00ED0214 /* CragDetailVC.swift in Sources */ = {isa = PBXBuildFile; fileRef = 40C874DA24BA910E00ED0214 /* CragDetailVC.swift */; };
		40C874DD24BA91EA00ED0214 /* AreaDetailVC.swift in Sources */ = {isa = PBXBuildFile; fileRef = 40C874DC24BA91EA00ED0214 /* AreaDetailVC.swift */; };
		40CE769A24B8EA8D00CE3507 /* LogNewArea.storyboard in Resources */ = {isa = PBXBuildFile; fileRef = 40CE769924B8EA8D00CE3507 /* LogNewArea.storyboard */; };
		40CE769C24B8EB0400CE3507 /* LogAreaVC.swift in Sources */ = {isa = PBXBuildFile; fileRef = 40CE769B24B8EB0400CE3507 /* LogAreaVC.swift */; };
		40D845C924B030DD0028CDAE /* Tracker.swift in Sources */ = {isa = PBXBuildFile; fileRef = 40D845C824B030DD0028CDAE /* Tracker.swift */; };
		40DC780F24AE465900DC5AF2 /* Home.storyboard in Resources */ = {isa = PBXBuildFile; fileRef = 40DC780E24AE465900DC5AF2 /* Home.storyboard */; };
		40E0629C24D73A6D00F93E95 /* TrackedRouteVC.swift in Sources */ = {isa = PBXBuildFile; fileRef = 40E0629B24D73A6D00F93E95 /* TrackedRouteVC.swift */; };
		40E0977F24AE530B0022E965 /* Explore.storyboard in Resources */ = {isa = PBXBuildFile; fileRef = 40E0977E24AE530B0022E965 /* Explore.storyboard */; };
		40E0978124AE53B40022E965 /* AR.storyboard in Resources */ = {isa = PBXBuildFile; fileRef = 40E0978024AE53B40022E965 /* AR.storyboard */; };
		40E0978324AE54290022E965 /* MyAreas.storyboard in Resources */ = {isa = PBXBuildFile; fileRef = 40E0978224AE54290022E965 /* MyAreas.storyboard */; };
		40E0978524AE548A0022E965 /* Settings.storyboard in Resources */ = {isa = PBXBuildFile; fileRef = 40E0978424AE548A0022E965 /* Settings.storyboard */; };
		40E21AAA24CFB104005F8A0C /* LogbookCell.swift in Sources */ = {isa = PBXBuildFile; fileRef = 40E21AA824CFB104005F8A0C /* LogbookCell.swift */; };
		40E21AAB24CFB104005F8A0C /* LogbookCell.xib in Resources */ = {isa = PBXBuildFile; fileRef = 40E21AA924CFB104005F8A0C /* LogbookCell.xib */; };
		40EAA79124A8152300F41366 /* AppDelegate.swift in Sources */ = {isa = PBXBuildFile; fileRef = 40EAA79024A8152300F41366 /* AppDelegate.swift */; };
		40EAA79324A8152300F41366 /* SceneDelegate.swift in Sources */ = {isa = PBXBuildFile; fileRef = 40EAA79224A8152300F41366 /* SceneDelegate.swift */; };
		40EAA79524A8152300F41366 /* ViewController.swift in Sources */ = {isa = PBXBuildFile; fileRef = 40EAA79424A8152300F41366 /* ViewController.swift */; };
		40EAA79824A8152300F41366 /* Main.storyboard in Resources */ = {isa = PBXBuildFile; fileRef = 40EAA79624A8152300F41366 /* Main.storyboard */; };
		40EAA79A24A8152400F41366 /* Assets.xcassets in Resources */ = {isa = PBXBuildFile; fileRef = 40EAA79924A8152400F41366 /* Assets.xcassets */; };
		40EAA79D24A8152400F41366 /* LaunchScreen.storyboard in Resources */ = {isa = PBXBuildFile; fileRef = 40EAA79B24A8152400F41366 /* LaunchScreen.storyboard */; };
		40EAA7A824A8152400F41366 /* FrontPageLayoutTests.swift in Sources */ = {isa = PBXBuildFile; fileRef = 40EAA7A724A8152400F41366 /* FrontPageLayoutTests.swift */; };
		40EAA7B324A8152400F41366 /* SendARUITests.swift in Sources */ = {isa = PBXBuildFile; fileRef = 40EAA7B224A8152400F41366 /* SendARUITests.swift */; };
		40EAF91D24B627C600CB7C08 /* Alert.swift in Sources */ = {isa = PBXBuildFile; fileRef = 40EAF91C24B627C600CB7C08 /* Alert.swift */; };
		961F055F24AA64E8006DE4C5 /* HomeVC.swift in Sources */ = {isa = PBXBuildFile; fileRef = 961F055E24AA64E8006DE4C5 /* HomeVC.swift */; };
		961F056124AA64F8006DE4C5 /* MapVC.swift in Sources */ = {isa = PBXBuildFile; fileRef = 961F056024AA64F8006DE4C5 /* MapVC.swift */; };
		961F056324AA6517006DE4C5 /* MyAreasVC.swift in Sources */ = {isa = PBXBuildFile; fileRef = 961F056224AA6517006DE4C5 /* MyAreasVC.swift */; };
		961F056524AA658F006DE4C5 /* ARviewVC.swift in Sources */ = {isa = PBXBuildFile; fileRef = 961F056424AA658F006DE4C5 /* ARviewVC.swift */; };
		961F056724AA66FC006DE4C5 /* SettingsVC.swift in Sources */ = {isa = PBXBuildFile; fileRef = 961F056624AA66FC006DE4C5 /* SettingsVC.swift */; };
		967A62F524C614DF00890267 /* areaCragRouteTests.swift in Sources */ = {isa = PBXBuildFile; fileRef = 967A62F424C614DF00890267 /* areaCragRouteTests.swift */; };
		9694582C24B571430093D943 /* Area.swift in Sources */ = {isa = PBXBuildFile; fileRef = 9694582B24B571430093D943 /* Area.swift */; };
		9694582E24B571580093D943 /* Crag.swift in Sources */ = {isa = PBXBuildFile; fileRef = 9694582D24B571580093D943 /* Crag.swift */; };
		9694583024B571610093D943 /* Route.swift in Sources */ = {isa = PBXBuildFile; fileRef = 9694582F24B571610093D943 /* Route.swift */; };
		9694583524B6A38A0093D943 /* DataController.swift in Sources */ = {isa = PBXBuildFile; fileRef = 9694583424B6A38A0093D943 /* DataController.swift */; };
		9694583724BA6EAF0093D943 /* AreaDetail.storyboard in Resources */ = {isa = PBXBuildFile; fileRef = 9694583624BA6EAF0093D943 /* AreaDetail.storyboard */; };
		9694583A24BA78390093D943 /* AreaCell.xib in Resources */ = {isa = PBXBuildFile; fileRef = 9694583924BA78390093D943 /* AreaCell.xib */; };
		9694583C24BA784C0093D943 /* AreaCell.swift in Sources */ = {isa = PBXBuildFile; fileRef = 9694583B24BA784C0093D943 /* AreaCell.swift */; };
		96A642E724C0E0ED00226EEC /* ARKit_CoreLocation.swift in Sources */ = {isa = PBXBuildFile; fileRef = 96A642DF24C0E0EC00226EEC /* ARKit_CoreLocation.swift */; };
		96A642E824C0E0ED00226EEC /* SceneLocationView.swift in Sources */ = {isa = PBXBuildFile; fileRef = 96A642E024C0E0EC00226EEC /* SceneLocationView.swift */; };
		96A642EA24C0E0ED00226EEC /* SceneLocationViewEstimateDelegate.swift in Sources */ = {isa = PBXBuildFile; fileRef = 96A642E224C0E0EC00226EEC /* SceneLocationViewEstimateDelegate.swift */; };
		96A642EE24C0E0ED00226EEC /* SceneLocationView+ARSCNViewDelegate.swift in Sources */ = {isa = PBXBuildFile; fileRef = 96A642E624C0E0ED00226EEC /* SceneLocationView+ARSCNViewDelegate.swift */; };
		96A642F424C0E2F700226EEC /* ScalingScheme.swift in Sources */ = {isa = PBXBuildFile; fileRef = 96A642F024C0E2F600226EEC /* ScalingScheme.swift */; };
		96A642F524C0E2F700226EEC /* LocationAnnotationNode.swift in Sources */ = {isa = PBXBuildFile; fileRef = 96A642F124C0E2F600226EEC /* LocationAnnotationNode.swift */; };
		96A642F624C0E2F700226EEC /* LocationNode.swift in Sources */ = {isa = PBXBuildFile; fileRef = 96A642F224C0E2F700226EEC /* LocationNode.swift */; };
		96A642F724C0E2F700226EEC /* PolylineNode.swift in Sources */ = {isa = PBXBuildFile; fileRef = 96A642F324C0E2F700226EEC /* PolylineNode.swift */; };
		96A6430024C0E31800226EEC /* SCNVector3+Extensions.swift in Sources */ = {isa = PBXBuildFile; fileRef = 96A642FA24C0E31700226EEC /* SCNVector3+Extensions.swift */; };
		96A6430124C0E31800226EEC /* BaseTypes+Extensions.swift in Sources */ = {isa = PBXBuildFile; fileRef = 96A642FB24C0E31700226EEC /* BaseTypes+Extensions.swift */; };
		96A6430224C0E31800226EEC /* CGPoint+Extensions.swift in Sources */ = {isa = PBXBuildFile; fileRef = 96A642FC24C0E31700226EEC /* CGPoint+Extensions.swift */; };
		96A6430324C0E31800226EEC /* CLLocation+Extensions.swift in Sources */ = {isa = PBXBuildFile; fileRef = 96A642FD24C0E31700226EEC /* CLLocation+Extensions.swift */; };
		96A6430424C0E31800226EEC /* FloatingPoint+Radians.swift in Sources */ = {isa = PBXBuildFile; fileRef = 96A642FE24C0E31700226EEC /* FloatingPoint+Radians.swift */; };
		96A6430524C0E31800226EEC /* SCNNode+Extensions.swift in Sources */ = {isa = PBXBuildFile; fileRef = 96A642FF24C0E31700226EEC /* SCNNode+Extensions.swift */; };
		96A6430A24C0E32400226EEC /* SceneLocationEstimate.swift in Sources */ = {isa = PBXBuildFile; fileRef = 96A6430624C0E32300226EEC /* SceneLocationEstimate.swift */; };
		96A6430B24C0E32400226EEC /* LocationManager.swift in Sources */ = {isa = PBXBuildFile; fileRef = 96A6430724C0E32300226EEC /* LocationManager.swift */; };
		96A6430C24C0E32400226EEC /* SceneLocationManager.swift in Sources */ = {isa = PBXBuildFile; fileRef = 96A6430824C0E32300226EEC /* SceneLocationManager.swift */; };
		96A6430D24C0E32400226EEC /* SceneLocationEstimate+Extensions.swift in Sources */ = {isa = PBXBuildFile; fileRef = 96A6430924C0E32400226EEC /* SceneLocationEstimate+Extensions.swift */; };
		96A6431024C0E33B00226EEC /* AttributedType.swift in Sources */ = {isa = PBXBuildFile; fileRef = 96A6430F24C0E33B00226EEC /* AttributedType.swift */; };
		96A6431324C4FBCB00226EEC /* SceneLocationViewExtension.swift in Sources */ = {isa = PBXBuildFile; fileRef = 96A6431224C4FBCB00226EEC /* SceneLocationViewExtension.swift */; };
		96ED3F8A24D4788900537151 /* TrackedRoute.swift in Sources */ = {isa = PBXBuildFile; fileRef = 96ED3F8824D4788900537151 /* TrackedRoute.swift */; };
		96ED3F9024D47B3C00537151 /* AreaAndRouteData.xcdatamodeld in Sources */ = {isa = PBXBuildFile; fileRef = 96ED3F8E24D47B3C00537151 /* AreaAndRouteData.xcdatamodeld */; };
/* End PBXBuildFile section */

/* Begin PBXContainerItemProxy section */
		40EAA7A424A8152400F41366 /* PBXContainerItemProxy */ = {
			isa = PBXContainerItemProxy;
			containerPortal = 40EAA78524A8152200F41366 /* Project object */;
			proxyType = 1;
			remoteGlobalIDString = 40EAA78C24A8152300F41366;
			remoteInfo = FrontPageLayout;
		};
		40EAA7AF24A8152400F41366 /* PBXContainerItemProxy */ = {
			isa = PBXContainerItemProxy;
			containerPortal = 40EAA78524A8152200F41366 /* Project object */;
			proxyType = 1;
			remoteGlobalIDString = 40EAA78C24A8152300F41366;
			remoteInfo = FrontPageLayout;
		};
/* End PBXContainerItemProxy section */

/* Begin PBXFileReference section */
		400E6B7D24D37C8B00E618BA /* DoneTrackingVC.swift */ = {isa = PBXFileReference; lastKnownFileType = sourcecode.swift; path = DoneTrackingVC.swift; sourceTree = "<group>"; };
		400E6B7F24D37EDC00E618BA /* UIView+Snapshot.swift */ = {isa = PBXFileReference; lastKnownFileType = sourcecode.swift; path = "UIView+Snapshot.swift"; sourceTree = "<group>"; };
		4010BDA124AFD7190082F7E2 /* RouteCell.swift */ = {isa = PBXFileReference; lastKnownFileType = sourcecode.swift; path = RouteCell.swift; sourceTree = "<group>"; };
		4010BDA224AFD7190082F7E2 /* RouteCell.xib */ = {isa = PBXFileReference; lastKnownFileType = file.xib; path = RouteCell.xib; sourceTree = "<group>"; };
		401F9A5624B390900035428B /* LocationChecker.swift */ = {isa = PBXFileReference; lastKnownFileType = sourcecode.swift; path = LocationChecker.swift; sourceTree = "<group>"; };
		4026962A24DA6F5000FB877C /* LogbookVC.swift */ = {isa = PBXFileReference; lastKnownFileType = sourcecode.swift; path = LogbookVC.swift; sourceTree = "<group>"; };
		4026962C24DA6FB100FB877C /* TrackVC.swift */ = {isa = PBXFileReference; lastKnownFileType = sourcecode.swift; path = TrackVC.swift; sourceTree = "<group>"; };
		40343F0524B5261D00507926 /* LogNewRoute.storyboard */ = {isa = PBXFileReference; lastKnownFileType = file.storyboard; path = LogNewRoute.storyboard; sourceTree = "<group>"; };
		4036C25624D9D55400AB27A7 /* ExploreVC.swift */ = {isa = PBXFileReference; lastKnownFileType = sourcecode.swift; path = ExploreVC.swift; sourceTree = "<group>"; };
		4039FB7824B50F2C00D9F927 /* RouteDetailVC.swift */ = {isa = PBXFileReference; lastKnownFileType = sourcecode.swift; path = RouteDetailVC.swift; sourceTree = "<group>"; };
		4044391124BE8B8400CDB237 /* CragCell.swift */ = {isa = PBXFileReference; lastKnownFileType = sourcecode.swift; path = CragCell.swift; sourceTree = "<group>"; };
		4044391224BE8B8400CDB237 /* CragCell.xib */ = {isa = PBXFileReference; lastKnownFileType = file.xib; path = CragCell.xib; sourceTree = "<group>"; };
		404FDE1324AEA524006AA33E /* NearbyAreas.swift */ = {isa = PBXFileReference; lastKnownFileType = sourcecode.swift; path = NearbyAreas.swift; sourceTree = "<group>"; };
		405E556D24B57C9C00646237 /* SuggestedAreaCell.swift */ = {isa = PBXFileReference; lastKnownFileType = sourcecode.swift; path = SuggestedAreaCell.swift; sourceTree = "<group>"; };
		405E556E24B57C9C00646237 /* SuggestedAreaCell.xib */ = {isa = PBXFileReference; lastKnownFileType = file.xib; path = SuggestedAreaCell.xib; sourceTree = "<group>"; };
		407A645924AF8C83006CDFCE /* GreenButton.swift */ = {isa = PBXFileReference; lastKnownFileType = sourcecode.swift; path = GreenButton.swift; sourceTree = "<group>"; };
		407A645B24AF963C006CDFCE /* LogRouteVC.swift */ = {isa = PBXFileReference; lastKnownFileType = sourcecode.swift; path = LogRouteVC.swift; sourceTree = "<group>"; };
		407A645F24AFA64F006CDFCE /* MapButton.swift */ = {isa = PBXFileReference; lastKnownFileType = sourcecode.swift; path = MapButton.swift; sourceTree = "<group>"; };
		40C874D624BA90D200ED0214 /* CragDetail.storyboard */ = {isa = PBXFileReference; lastKnownFileType = file.storyboard; path = CragDetail.storyboard; sourceTree = "<group>"; };
		40C874D824BA90E900ED0214 /* RouteDetail.storyboard */ = {isa = PBXFileReference; lastKnownFileType = file.storyboard; path = RouteDetail.storyboard; sourceTree = "<group>"; };
		40C874DA24BA910E00ED0214 /* CragDetailVC.swift */ = {isa = PBXFileReference; lastKnownFileType = sourcecode.swift; path = CragDetailVC.swift; sourceTree = "<group>"; };
		40C874DC24BA91EA00ED0214 /* AreaDetailVC.swift */ = {isa = PBXFileReference; lastKnownFileType = sourcecode.swift; path = AreaDetailVC.swift; sourceTree = "<group>"; };
		40CE769924B8EA8D00CE3507 /* LogNewArea.storyboard */ = {isa = PBXFileReference; lastKnownFileType = file.storyboard; path = LogNewArea.storyboard; sourceTree = "<group>"; };
		40CE769B24B8EB0400CE3507 /* LogAreaVC.swift */ = {isa = PBXFileReference; lastKnownFileType = sourcecode.swift; path = LogAreaVC.swift; sourceTree = "<group>"; };
		40D845C824B030DD0028CDAE /* Tracker.swift */ = {isa = PBXFileReference; lastKnownFileType = sourcecode.swift; path = Tracker.swift; sourceTree = "<group>"; };
		40DC780E24AE465900DC5AF2 /* Home.storyboard */ = {isa = PBXFileReference; lastKnownFileType = file.storyboard; path = Home.storyboard; sourceTree = "<group>"; };
		40E0629B24D73A6D00F93E95 /* TrackedRouteVC.swift */ = {isa = PBXFileReference; lastKnownFileType = sourcecode.swift; path = TrackedRouteVC.swift; sourceTree = "<group>"; };
		40E0977E24AE530B0022E965 /* Explore.storyboard */ = {isa = PBXFileReference; lastKnownFileType = file.storyboard; path = Explore.storyboard; sourceTree = "<group>"; };
		40E0978024AE53B40022E965 /* AR.storyboard */ = {isa = PBXFileReference; lastKnownFileType = file.storyboard; path = AR.storyboard; sourceTree = "<group>"; };
		40E0978224AE54290022E965 /* MyAreas.storyboard */ = {isa = PBXFileReference; lastKnownFileType = file.storyboard; path = MyAreas.storyboard; sourceTree = "<group>"; };
		40E0978424AE548A0022E965 /* Settings.storyboard */ = {isa = PBXFileReference; lastKnownFileType = file.storyboard; path = Settings.storyboard; sourceTree = "<group>"; };
		40E21AA824CFB104005F8A0C /* LogbookCell.swift */ = {isa = PBXFileReference; lastKnownFileType = sourcecode.swift; path = LogbookCell.swift; sourceTree = "<group>"; };
		40E21AA924CFB104005F8A0C /* LogbookCell.xib */ = {isa = PBXFileReference; lastKnownFileType = file.xib; path = LogbookCell.xib; sourceTree = "<group>"; };
		40EAA78D24A8152300F41366 /* SendAR.app */ = {isa = PBXFileReference; explicitFileType = wrapper.application; includeInIndex = 0; path = SendAR.app; sourceTree = BUILT_PRODUCTS_DIR; };
		40EAA79024A8152300F41366 /* AppDelegate.swift */ = {isa = PBXFileReference; lastKnownFileType = sourcecode.swift; path = AppDelegate.swift; sourceTree = "<group>"; };
		40EAA79224A8152300F41366 /* SceneDelegate.swift */ = {isa = PBXFileReference; lastKnownFileType = sourcecode.swift; path = SceneDelegate.swift; sourceTree = "<group>"; };
		40EAA79424A8152300F41366 /* ViewController.swift */ = {isa = PBXFileReference; lastKnownFileType = sourcecode.swift; path = ViewController.swift; sourceTree = "<group>"; };
		40EAA79724A8152300F41366 /* Base */ = {isa = PBXFileReference; lastKnownFileType = file.storyboard; name = Base; path = Base.lproj/Main.storyboard; sourceTree = "<group>"; };
		40EAA79924A8152400F41366 /* Assets.xcassets */ = {isa = PBXFileReference; lastKnownFileType = folder.assetcatalog; path = Assets.xcassets; sourceTree = "<group>"; };
		40EAA79C24A8152400F41366 /* Base */ = {isa = PBXFileReference; lastKnownFileType = file.storyboard; name = Base; path = Base.lproj/LaunchScreen.storyboard; sourceTree = "<group>"; };
		40EAA79E24A8152400F41366 /* Info.plist */ = {isa = PBXFileReference; lastKnownFileType = text.plist.xml; path = Info.plist; sourceTree = "<group>"; };
		40EAA7A324A8152400F41366 /* SendARTests.xctest */ = {isa = PBXFileReference; explicitFileType = wrapper.cfbundle; includeInIndex = 0; path = SendARTests.xctest; sourceTree = BUILT_PRODUCTS_DIR; };
		40EAA7A724A8152400F41366 /* FrontPageLayoutTests.swift */ = {isa = PBXFileReference; lastKnownFileType = sourcecode.swift; path = FrontPageLayoutTests.swift; sourceTree = "<group>"; };
		40EAA7A924A8152400F41366 /* Info.plist */ = {isa = PBXFileReference; lastKnownFileType = text.plist.xml; path = Info.plist; sourceTree = "<group>"; };
		40EAA7AE24A8152400F41366 /* SendARUITests.xctest */ = {isa = PBXFileReference; explicitFileType = wrapper.cfbundle; includeInIndex = 0; path = SendARUITests.xctest; sourceTree = BUILT_PRODUCTS_DIR; };
		40EAA7B224A8152400F41366 /* SendARUITests.swift */ = {isa = PBXFileReference; lastKnownFileType = sourcecode.swift; path = SendARUITests.swift; sourceTree = "<group>"; };
		40EAA7B424A8152400F41366 /* Info.plist */ = {isa = PBXFileReference; lastKnownFileType = text.plist.xml; path = Info.plist; sourceTree = "<group>"; };
		40EAF91C24B627C600CB7C08 /* Alert.swift */ = {isa = PBXFileReference; lastKnownFileType = sourcecode.swift; path = Alert.swift; sourceTree = "<group>"; };
		961F055E24AA64E8006DE4C5 /* HomeVC.swift */ = {isa = PBXFileReference; lastKnownFileType = sourcecode.swift; path = HomeVC.swift; sourceTree = "<group>"; };
		961F056024AA64F8006DE4C5 /* MapVC.swift */ = {isa = PBXFileReference; lastKnownFileType = sourcecode.swift; path = MapVC.swift; sourceTree = "<group>"; };
		961F056224AA6517006DE4C5 /* MyAreasVC.swift */ = {isa = PBXFileReference; lastKnownFileType = sourcecode.swift; path = MyAreasVC.swift; sourceTree = "<group>"; };
		961F056424AA658F006DE4C5 /* ARviewVC.swift */ = {isa = PBXFileReference; lastKnownFileType = sourcecode.swift; path = ARviewVC.swift; sourceTree = "<group>"; };
		961F056624AA66FC006DE4C5 /* SettingsVC.swift */ = {isa = PBXFileReference; lastKnownFileType = sourcecode.swift; path = SettingsVC.swift; sourceTree = "<group>"; };
		967A62F424C614DF00890267 /* areaCragRouteTests.swift */ = {isa = PBXFileReference; lastKnownFileType = sourcecode.swift; path = areaCragRouteTests.swift; sourceTree = "<group>"; };
		9694582B24B571430093D943 /* Area.swift */ = {isa = PBXFileReference; lastKnownFileType = sourcecode.swift; path = Area.swift; sourceTree = "<group>"; };
		9694582D24B571580093D943 /* Crag.swift */ = {isa = PBXFileReference; lastKnownFileType = sourcecode.swift; path = Crag.swift; sourceTree = "<group>"; };
		9694582F24B571610093D943 /* Route.swift */ = {isa = PBXFileReference; lastKnownFileType = sourcecode.swift; path = Route.swift; sourceTree = "<group>"; };
		9694583424B6A38A0093D943 /* DataController.swift */ = {isa = PBXFileReference; lastKnownFileType = sourcecode.swift; path = DataController.swift; sourceTree = "<group>"; };
		9694583624BA6EAF0093D943 /* AreaDetail.storyboard */ = {isa = PBXFileReference; lastKnownFileType = file.storyboard; path = AreaDetail.storyboard; sourceTree = "<group>"; };
		9694583924BA78390093D943 /* AreaCell.xib */ = {isa = PBXFileReference; lastKnownFileType = file.xib; path = AreaCell.xib; sourceTree = "<group>"; };
		9694583B24BA784C0093D943 /* AreaCell.swift */ = {isa = PBXFileReference; lastKnownFileType = sourcecode.swift; path = AreaCell.swift; sourceTree = "<group>"; };
		96A642DF24C0E0EC00226EEC /* ARKit_CoreLocation.swift */ = {isa = PBXFileReference; fileEncoding = 4; lastKnownFileType = sourcecode.swift; path = ARKit_CoreLocation.swift; sourceTree = "<group>"; };
		96A642E024C0E0EC00226EEC /* SceneLocationView.swift */ = {isa = PBXFileReference; fileEncoding = 4; lastKnownFileType = sourcecode.swift; path = SceneLocationView.swift; sourceTree = "<group>"; };
		96A642E224C0E0EC00226EEC /* SceneLocationViewEstimateDelegate.swift */ = {isa = PBXFileReference; fileEncoding = 4; lastKnownFileType = sourcecode.swift; path = SceneLocationViewEstimateDelegate.swift; sourceTree = "<group>"; };
		96A642E624C0E0ED00226EEC /* SceneLocationView+ARSCNViewDelegate.swift */ = {isa = PBXFileReference; fileEncoding = 4; lastKnownFileType = sourcecode.swift; path = "SceneLocationView+ARSCNViewDelegate.swift"; sourceTree = "<group>"; };
		96A642F024C0E2F600226EEC /* ScalingScheme.swift */ = {isa = PBXFileReference; fileEncoding = 4; lastKnownFileType = sourcecode.swift; path = ScalingScheme.swift; sourceTree = "<group>"; };
		96A642F124C0E2F600226EEC /* LocationAnnotationNode.swift */ = {isa = PBXFileReference; fileEncoding = 4; lastKnownFileType = sourcecode.swift; path = LocationAnnotationNode.swift; sourceTree = "<group>"; };
		96A642F224C0E2F700226EEC /* LocationNode.swift */ = {isa = PBXFileReference; fileEncoding = 4; lastKnownFileType = sourcecode.swift; path = LocationNode.swift; sourceTree = "<group>"; };
		96A642F324C0E2F700226EEC /* PolylineNode.swift */ = {isa = PBXFileReference; fileEncoding = 4; lastKnownFileType = sourcecode.swift; path = PolylineNode.swift; sourceTree = "<group>"; };
		96A642FA24C0E31700226EEC /* SCNVector3+Extensions.swift */ = {isa = PBXFileReference; fileEncoding = 4; lastKnownFileType = sourcecode.swift; path = "SCNVector3+Extensions.swift"; sourceTree = "<group>"; };
		96A642FB24C0E31700226EEC /* BaseTypes+Extensions.swift */ = {isa = PBXFileReference; fileEncoding = 4; lastKnownFileType = sourcecode.swift; path = "BaseTypes+Extensions.swift"; sourceTree = "<group>"; };
		96A642FC24C0E31700226EEC /* CGPoint+Extensions.swift */ = {isa = PBXFileReference; fileEncoding = 4; lastKnownFileType = sourcecode.swift; path = "CGPoint+Extensions.swift"; sourceTree = "<group>"; };
		96A642FD24C0E31700226EEC /* CLLocation+Extensions.swift */ = {isa = PBXFileReference; fileEncoding = 4; lastKnownFileType = sourcecode.swift; path = "CLLocation+Extensions.swift"; sourceTree = "<group>"; };
		96A642FE24C0E31700226EEC /* FloatingPoint+Radians.swift */ = {isa = PBXFileReference; fileEncoding = 4; lastKnownFileType = sourcecode.swift; path = "FloatingPoint+Radians.swift"; sourceTree = "<group>"; };
		96A642FF24C0E31700226EEC /* SCNNode+Extensions.swift */ = {isa = PBXFileReference; fileEncoding = 4; lastKnownFileType = sourcecode.swift; path = "SCNNode+Extensions.swift"; sourceTree = "<group>"; };
		96A6430624C0E32300226EEC /* SceneLocationEstimate.swift */ = {isa = PBXFileReference; fileEncoding = 4; lastKnownFileType = sourcecode.swift; path = SceneLocationEstimate.swift; sourceTree = "<group>"; };
		96A6430724C0E32300226EEC /* LocationManager.swift */ = {isa = PBXFileReference; fileEncoding = 4; lastKnownFileType = sourcecode.swift; path = LocationManager.swift; sourceTree = "<group>"; };
		96A6430824C0E32300226EEC /* SceneLocationManager.swift */ = {isa = PBXFileReference; fileEncoding = 4; lastKnownFileType = sourcecode.swift; path = SceneLocationManager.swift; sourceTree = "<group>"; };
		96A6430924C0E32400226EEC /* SceneLocationEstimate+Extensions.swift */ = {isa = PBXFileReference; fileEncoding = 4; lastKnownFileType = sourcecode.swift; path = "SceneLocationEstimate+Extensions.swift"; sourceTree = "<group>"; };
		96A6430F24C0E33B00226EEC /* AttributedType.swift */ = {isa = PBXFileReference; fileEncoding = 4; lastKnownFileType = sourcecode.swift; path = AttributedType.swift; sourceTree = "<group>"; };
		96A6431224C4FBCB00226EEC /* SceneLocationViewExtension.swift */ = {isa = PBXFileReference; lastKnownFileType = sourcecode.swift; path = SceneLocationViewExtension.swift; sourceTree = "<group>"; };
		96ED3F8824D4788900537151 /* TrackedRoute.swift */ = {isa = PBXFileReference; lastKnownFileType = sourcecode.swift; path = TrackedRoute.swift; sourceTree = "<group>"; };
		96ED3F8F24D47B3C00537151 /* AreaAndRouteData.xcdatamodel */ = {isa = PBXFileReference; lastKnownFileType = wrapper.xcdatamodel; path = AreaAndRouteData.xcdatamodel; sourceTree = "<group>"; };
/* End PBXFileReference section */

/* Begin PBXFrameworksBuildPhase section */
		40EAA78A24A8152300F41366 /* Frameworks */ = {
			isa = PBXFrameworksBuildPhase;
			buildActionMask = 2147483647;
			files = (
			);
			runOnlyForDeploymentPostprocessing = 0;
		};
		40EAA7A024A8152400F41366 /* Frameworks */ = {
			isa = PBXFrameworksBuildPhase;
			buildActionMask = 2147483647;
			files = (
			);
			runOnlyForDeploymentPostprocessing = 0;
		};
		40EAA7AB24A8152400F41366 /* Frameworks */ = {
			isa = PBXFrameworksBuildPhase;
			buildActionMask = 2147483647;
			files = (
			);
			runOnlyForDeploymentPostprocessing = 0;
		};
/* End PBXFrameworksBuildPhase section */

/* Begin PBXGroup section */
		401F9A5824B3909C0035428B /* Helper Classes */ = {
			isa = PBXGroup;
			children = (
				9694583424B6A38A0093D943 /* DataController.swift */,
				40D845C824B030DD0028CDAE /* Tracker.swift */,
				401F9A5624B390900035428B /* LocationChecker.swift */,
				40EAF91C24B627C600CB7C08 /* Alert.swift */,
				96A6431224C4FBCB00226EEC /* SceneLocationViewExtension.swift */,
				400E6B7F24D37EDC00E618BA /* UIView+Snapshot.swift */,
			);
			path = "Helper Classes";
			sourceTree = "<group>";
		};
		407A646124AFAA2D006CDFCE /* CustomUIElements */ = {
			isa = PBXGroup;
			children = (
				407A645F24AFA64F006CDFCE /* MapButton.swift */,
				407A645924AF8C83006CDFCE /* GreenButton.swift */,
				405E556D24B57C9C00646237 /* SuggestedAreaCell.swift */,
				405E556E24B57C9C00646237 /* SuggestedAreaCell.xib */,
				9694583B24BA784C0093D943 /* AreaCell.swift */,
				9694583924BA78390093D943 /* AreaCell.xib */,
				4044391124BE8B8400CDB237 /* CragCell.swift */,
				4044391224BE8B8400CDB237 /* CragCell.xib */,
				4010BDA124AFD7190082F7E2 /* RouteCell.swift */,
				4010BDA224AFD7190082F7E2 /* RouteCell.xib */,
				40E21AA824CFB104005F8A0C /* LogbookCell.swift */,
				40E21AA924CFB104005F8A0C /* LogbookCell.xib */,
			);
			path = CustomUIElements;
			sourceTree = "<group>";
		};
		40DC781024AE466500DC5AF2 /* Storyboards */ = {
			isa = PBXGroup;
			children = (
				40EAA79624A8152300F41366 /* Main.storyboard */,
				40DC780E24AE465900DC5AF2 /* Home.storyboard */,
				40E0977E24AE530B0022E965 /* Explore.storyboard */,
				40343F0524B5261D00507926 /* LogNewRoute.storyboard */,
				40CE769924B8EA8D00CE3507 /* LogNewArea.storyboard */,
				9694583624BA6EAF0093D943 /* AreaDetail.storyboard */,
				40C874D624BA90D200ED0214 /* CragDetail.storyboard */,
				40C874D824BA90E900ED0214 /* RouteDetail.storyboard */,
				40E0978024AE53B40022E965 /* AR.storyboard */,
				40E0978224AE54290022E965 /* MyAreas.storyboard */,
				40E0978424AE548A0022E965 /* Settings.storyboard */,
			);
			path = Storyboards;
			sourceTree = "<group>";
		};
		40EAA78424A8152200F41366 = {
			isa = PBXGroup;
			children = (
				40EAA78F24A8152300F41366 /* SendAR */,
				40EAA7A624A8152400F41366 /* SendARTests */,
				40EAA7B124A8152400F41366 /* SendARUITests */,
				40EAA78E24A8152300F41366 /* Products */,
			);
			sourceTree = "<group>";
		};
		40EAA78E24A8152300F41366 /* Products */ = {
			isa = PBXGroup;
			children = (
				40EAA78D24A8152300F41366 /* SendAR.app */,
				40EAA7A324A8152400F41366 /* SendARTests.xctest */,
				40EAA7AE24A8152400F41366 /* SendARUITests.xctest */,
			);
			name = Products;
			sourceTree = "<group>";
		};
		40EAA78F24A8152300F41366 /* SendAR */ = {
			isa = PBXGroup;
			children = (
				40EAA79024A8152300F41366 /* AppDelegate.swift */,
				40EAA79224A8152300F41366 /* SceneDelegate.swift */,
				961F056C24AC01CB006DE4C5 /* DataTypes */,
				961F055D24AA6346006DE4C5 /* ViewControllers */,
				40DC781024AE466500DC5AF2 /* Storyboards */,
				401F9A5824B3909C0035428B /* Helper Classes */,
				407A646124AFAA2D006CDFCE /* CustomUIElements */,
				40EAA79924A8152400F41366 /* Assets.xcassets */,
				40EAA79B24A8152400F41366 /* LaunchScreen.storyboard */,
				40EAA79E24A8152400F41366 /* Info.plist */,
				96A642DE24C0E0D500226EEC /* ARCL */,
			);
			path = SendAR;
			sourceTree = "<group>";
		};
		40EAA7A624A8152400F41366 /* SendARTests */ = {
			isa = PBXGroup;
			children = (
				40EAA7A724A8152400F41366 /* FrontPageLayoutTests.swift */,
				40EAA7A924A8152400F41366 /* Info.plist */,
				967A62F424C614DF00890267 /* areaCragRouteTests.swift */,
			);
			path = SendARTests;
			sourceTree = "<group>";
		};
		40EAA7B124A8152400F41366 /* SendARUITests */ = {
			isa = PBXGroup;
			children = (
				40EAA7B224A8152400F41366 /* SendARUITests.swift */,
				40EAA7B424A8152400F41366 /* Info.plist */,
			);
			path = SendARUITests;
			sourceTree = "<group>";
		};
		961F055D24AA6346006DE4C5 /* ViewControllers */ = {
			isa = PBXGroup;
			children = (
				40EAA79424A8152300F41366 /* ViewController.swift */,
				961F055E24AA64E8006DE4C5 /* HomeVC.swift */,
				4026962C24DA6FB100FB877C /* TrackVC.swift */,
				4026962A24DA6F5000FB877C /* LogbookVC.swift */,
				400E6B7D24D37C8B00E618BA /* DoneTrackingVC.swift */,
				40E0629B24D73A6D00F93E95 /* TrackedRouteVC.swift */,
				4036C25624D9D55400AB27A7 /* ExploreVC.swift */,
				961F056024AA64F8006DE4C5 /* MapVC.swift */,
				404FDE1324AEA524006AA33E /* NearbyAreas.swift */,
				407A645B24AF963C006CDFCE /* LogRouteVC.swift */,
				40CE769B24B8EB0400CE3507 /* LogAreaVC.swift */,
				40C874DC24BA91EA00ED0214 /* AreaDetailVC.swift */,
				40C874DA24BA910E00ED0214 /* CragDetailVC.swift */,
				4039FB7824B50F2C00D9F927 /* RouteDetailVC.swift */,
				961F056424AA658F006DE4C5 /* ARviewVC.swift */,
				961F056224AA6517006DE4C5 /* MyAreasVC.swift */,
				961F056624AA66FC006DE4C5 /* SettingsVC.swift */,
			);
			path = ViewControllers;
			sourceTree = "<group>";
		};
		961F056C24AC01CB006DE4C5 /* DataTypes */ = {
			isa = PBXGroup;
			children = (
				9694582B24B571430093D943 /* Area.swift */,
				9694582D24B571580093D943 /* Crag.swift */,
				9694582F24B571610093D943 /* Route.swift */,
				96ED3F8824D4788900537151 /* TrackedRoute.swift */,
				96ED3F8E24D47B3C00537151 /* AreaAndRouteData.xcdatamodeld */,
			);
			path = DataTypes;
			sourceTree = "<group>";
		};
		96A642DE24C0E0D500226EEC /* ARCL */ = {
			isa = PBXGroup;
			children = (
				96A6430E24C0E33000226EEC /* ARCLUtil */,
				96A642F924C0E30700226EEC /* ARCLLocationManager */,
				96A642F824C0E2FA00226EEC /* ARCLExtensions */,
				96A642EF24C0E2DC00226EEC /* ARCLnodes */,
				96A642DF24C0E0EC00226EEC /* ARKit_CoreLocation.swift */,
				96A642E024C0E0EC00226EEC /* SceneLocationView.swift */,
				96A642E624C0E0ED00226EEC /* SceneLocationView+ARSCNViewDelegate.swift */,
				96A642E224C0E0EC00226EEC /* SceneLocationViewEstimateDelegate.swift */,
			);
			path = ARCL;
			sourceTree = "<group>";
		};
		96A642EF24C0E2DC00226EEC /* ARCLnodes */ = {
			isa = PBXGroup;
			children = (
				96A642F124C0E2F600226EEC /* LocationAnnotationNode.swift */,
				96A642F224C0E2F700226EEC /* LocationNode.swift */,
				96A642F324C0E2F700226EEC /* PolylineNode.swift */,
				96A642F024C0E2F600226EEC /* ScalingScheme.swift */,
			);
			path = ARCLnodes;
			sourceTree = "<group>";
		};
		96A642F824C0E2FA00226EEC /* ARCLExtensions */ = {
			isa = PBXGroup;
			children = (
				96A642FB24C0E31700226EEC /* BaseTypes+Extensions.swift */,
				96A642FC24C0E31700226EEC /* CGPoint+Extensions.swift */,
				96A642FD24C0E31700226EEC /* CLLocation+Extensions.swift */,
				96A642FE24C0E31700226EEC /* FloatingPoint+Radians.swift */,
				96A642FF24C0E31700226EEC /* SCNNode+Extensions.swift */,
				96A642FA24C0E31700226EEC /* SCNVector3+Extensions.swift */,
			);
			path = ARCLExtensions;
			sourceTree = "<group>";
		};
		96A642F924C0E30700226EEC /* ARCLLocationManager */ = {
			isa = PBXGroup;
			children = (
				96A6430724C0E32300226EEC /* LocationManager.swift */,
				96A6430624C0E32300226EEC /* SceneLocationEstimate.swift */,
				96A6430924C0E32400226EEC /* SceneLocationEstimate+Extensions.swift */,
				96A6430824C0E32300226EEC /* SceneLocationManager.swift */,
			);
			path = ARCLLocationManager;
			sourceTree = "<group>";
		};
		96A6430E24C0E33000226EEC /* ARCLUtil */ = {
			isa = PBXGroup;
			children = (
				96A6430F24C0E33B00226EEC /* AttributedType.swift */,
			);
			path = ARCLUtil;
			sourceTree = "<group>";
		};
/* End PBXGroup section */

/* Begin PBXNativeTarget section */
		40EAA78C24A8152300F41366 /* SendAR */ = {
			isa = PBXNativeTarget;
			buildConfigurationList = 40EAA7B724A8152400F41366 /* Build configuration list for PBXNativeTarget "SendAR" */;
			buildPhases = (
				40EAA78924A8152300F41366 /* Sources */,
				40EAA78A24A8152300F41366 /* Frameworks */,
				40EAA78B24A8152300F41366 /* Resources */,
			);
			buildRules = (
			);
			dependencies = (
			);
			name = SendAR;
			packageProductDependencies = (
			);
			productName = FrontPageLayout;
			productReference = 40EAA78D24A8152300F41366 /* SendAR.app */;
			productType = "com.apple.product-type.application";
		};
		40EAA7A224A8152400F41366 /* SendARTests */ = {
			isa = PBXNativeTarget;
			buildConfigurationList = 40EAA7BA24A8152400F41366 /* Build configuration list for PBXNativeTarget "SendARTests" */;
			buildPhases = (
				40EAA79F24A8152400F41366 /* Sources */,
				40EAA7A024A8152400F41366 /* Frameworks */,
				40EAA7A124A8152400F41366 /* Resources */,
			);
			buildRules = (
			);
			dependencies = (
				40EAA7A524A8152400F41366 /* PBXTargetDependency */,
			);
			name = SendARTests;
			productName = FrontPageLayoutTests;
			productReference = 40EAA7A324A8152400F41366 /* SendARTests.xctest */;
			productType = "com.apple.product-type.bundle.unit-test";
		};
		40EAA7AD24A8152400F41366 /* SendARUITests */ = {
			isa = PBXNativeTarget;
			buildConfigurationList = 40EAA7BD24A8152400F41366 /* Build configuration list for PBXNativeTarget "SendARUITests" */;
			buildPhases = (
				40EAA7AA24A8152400F41366 /* Sources */,
				40EAA7AB24A8152400F41366 /* Frameworks */,
				40EAA7AC24A8152400F41366 /* Resources */,
			);
			buildRules = (
			);
			dependencies = (
				40EAA7B024A8152400F41366 /* PBXTargetDependency */,
			);
			name = SendARUITests;
			productName = FrontPageLayoutUITests;
			productReference = 40EAA7AE24A8152400F41366 /* SendARUITests.xctest */;
			productType = "com.apple.product-type.bundle.ui-testing";
		};
/* End PBXNativeTarget section */

/* Begin PBXProject section */
		40EAA78524A8152200F41366 /* Project object */ = {
			isa = PBXProject;
			attributes = {
				LastSwiftUpdateCheck = 1150;
				LastUpgradeCheck = 1150;
				ORGANIZATIONNAME = "Bennett Baker";
				TargetAttributes = {
					40EAA78C24A8152300F41366 = {
						CreatedOnToolsVersion = 11.5;
					};
					40EAA7A224A8152400F41366 = {
						CreatedOnToolsVersion = 11.5;
						TestTargetID = 40EAA78C24A8152300F41366;
					};
					40EAA7AD24A8152400F41366 = {
						CreatedOnToolsVersion = 11.5;
						TestTargetID = 40EAA78C24A8152300F41366;
					};
				};
			};
			buildConfigurationList = 40EAA78824A8152200F41366 /* Build configuration list for PBXProject "SendAR" */;
			compatibilityVersion = "Xcode 9.3";
			developmentRegion = en;
			hasScannedForEncodings = 0;
			knownRegions = (
				en,
				Base,
			);
			mainGroup = 40EAA78424A8152200F41366;
			packageReferences = (
			);
			productRefGroup = 40EAA78E24A8152300F41366 /* Products */;
			projectDirPath = "";
			projectRoot = "";
			targets = (
				40EAA78C24A8152300F41366 /* SendAR */,
				40EAA7A224A8152400F41366 /* SendARTests */,
				40EAA7AD24A8152400F41366 /* SendARUITests */,
			);
		};
/* End PBXProject section */

/* Begin PBXResourcesBuildPhase section */
		40EAA78B24A8152300F41366 /* Resources */ = {
			isa = PBXResourcesBuildPhase;
			buildActionMask = 2147483647;
			files = (
				40EAA79D24A8152400F41366 /* LaunchScreen.storyboard in Resources */,
				9694583724BA6EAF0093D943 /* AreaDetail.storyboard in Resources */,
				4010BDA424AFD7190082F7E2 /* RouteCell.xib in Resources */,
				40EAA79A24A8152400F41366 /* Assets.xcassets in Resources */,
				40E0977F24AE530B0022E965 /* Explore.storyboard in Resources */,
				40343F0624B5261D00507926 /* LogNewRoute.storyboard in Resources */,
				40CE769A24B8EA8D00CE3507 /* LogNewArea.storyboard in Resources */,
				40E0978524AE548A0022E965 /* Settings.storyboard in Resources */,
				9694583A24BA78390093D943 /* AreaCell.xib in Resources */,
				40E0978324AE54290022E965 /* MyAreas.storyboard in Resources */,
				40EAA79824A8152300F41366 /* Main.storyboard in Resources */,
				405E557024B57C9C00646237 /* SuggestedAreaCell.xib in Resources */,
				4044391424BE8B8400CDB237 /* CragCell.xib in Resources */,
				40E21AAB24CFB104005F8A0C /* LogbookCell.xib in Resources */,
				40C874D724BA90D200ED0214 /* CragDetail.storyboard in Resources */,
				40DC780F24AE465900DC5AF2 /* Home.storyboard in Resources */,
				40E0978124AE53B40022E965 /* AR.storyboard in Resources */,
				40C874D924BA90E900ED0214 /* RouteDetail.storyboard in Resources */,
			);
			runOnlyForDeploymentPostprocessing = 0;
		};
		40EAA7A124A8152400F41366 /* Resources */ = {
			isa = PBXResourcesBuildPhase;
			buildActionMask = 2147483647;
			files = (
			);
			runOnlyForDeploymentPostprocessing = 0;
		};
		40EAA7AC24A8152400F41366 /* Resources */ = {
			isa = PBXResourcesBuildPhase;
			buildActionMask = 2147483647;
			files = (
			);
			runOnlyForDeploymentPostprocessing = 0;
		};
/* End PBXResourcesBuildPhase section */

/* Begin PBXSourcesBuildPhase section */
		40EAA78924A8152300F41366 /* Sources */ = {
			isa = PBXSourcesBuildPhase;
			buildActionMask = 2147483647;
			files = (
				96A6430324C0E31800226EEC /* CLLocation+Extensions.swift in Sources */,
				4044391324BE8B8400CDB237 /* CragCell.swift in Sources */,
				407A645C24AF963C006CDFCE /* LogRouteVC.swift in Sources */,
				400E6B8024D37EDC00E618BA /* UIView+Snapshot.swift in Sources */,
				40C874DD24BA91EA00ED0214 /* AreaDetailVC.swift in Sources */,
				405E556F24B57C9C00646237 /* SuggestedAreaCell.swift in Sources */,
				96A6430224C0E31800226EEC /* CGPoint+Extensions.swift in Sources */,
				96A6431324C4FBCB00226EEC /* SceneLocationViewExtension.swift in Sources */,
				401F9A5724B390900035428B /* LocationChecker.swift in Sources */,
				96A6430024C0E31800226EEC /* SCNVector3+Extensions.swift in Sources */,
				407A645A24AF8C83006CDFCE /* GreenButton.swift in Sources */,
				96ED3F9024D47B3C00537151 /* AreaAndRouteData.xcdatamodeld in Sources */,
				4036C25724D9D55400AB27A7 /* ExploreVC.swift in Sources */,
				961F056124AA64F8006DE4C5 /* MapVC.swift in Sources */,
				96A642F424C0E2F700226EEC /* ScalingScheme.swift in Sources */,
				407A646024AFA64F006CDFCE /* MapButton.swift in Sources */,
				96A6430524C0E31800226EEC /* SCNNode+Extensions.swift in Sources */,
				96A642F524C0E2F700226EEC /* LocationAnnotationNode.swift in Sources */,
				9694582E24B571580093D943 /* Crag.swift in Sources */,
				4010BDA324AFD7190082F7E2 /* RouteCell.swift in Sources */,
				40EAF91D24B627C600CB7C08 /* Alert.swift in Sources */,
				9694583C24BA784C0093D943 /* AreaCell.swift in Sources */,
				96A642E724C0E0ED00226EEC /* ARKit_CoreLocation.swift in Sources */,
				96A6430124C0E31800226EEC /* BaseTypes+Extensions.swift in Sources */,
				4026962B24DA6F5000FB877C /* LogbookVC.swift in Sources */,
				40EAA79524A8152300F41366 /* ViewController.swift in Sources */,
				961F055F24AA64E8006DE4C5 /* HomeVC.swift in Sources */,
				40E0629C24D73A6D00F93E95 /* TrackedRouteVC.swift in Sources */,
				96A642F624C0E2F700226EEC /* LocationNode.swift in Sources */,
				40E21AAA24CFB104005F8A0C /* LogbookCell.swift in Sources */,
				96A6430424C0E31800226EEC /* FloatingPoint+Radians.swift in Sources */,
				96A6431024C0E33B00226EEC /* AttributedType.swift in Sources */,
				9694583524B6A38A0093D943 /* DataController.swift in Sources */,
				96A642EA24C0E0ED00226EEC /* SceneLocationViewEstimateDelegate.swift in Sources */,
				40EAA79124A8152300F41366 /* AppDelegate.swift in Sources */,
				40D845C924B030DD0028CDAE /* Tracker.swift in Sources */,
				96A6430A24C0E32400226EEC /* SceneLocationEstimate.swift in Sources */,
				40C874DB24BA910E00ED0214 /* CragDetailVC.swift in Sources */,
				4026962D24DA6FB100FB877C /* TrackVC.swift in Sources */,
				96ED3F8A24D4788900537151 /* TrackedRoute.swift in Sources */,
				96A642E824C0E0ED00226EEC /* SceneLocationView.swift in Sources */,
				40EAA79324A8152300F41366 /* SceneDelegate.swift in Sources */,
				96A6430D24C0E32400226EEC /* SceneLocationEstimate+Extensions.swift in Sources */,
				9694583024B571610093D943 /* Route.swift in Sources */,
				961F056724AA66FC006DE4C5 /* SettingsVC.swift in Sources */,
				404FDE1424AEA524006AA33E /* NearbyAreas.swift in Sources */,
				96A6430B24C0E32400226EEC /* LocationManager.swift in Sources */,
				4039FB7924B50F2C00D9F927 /* RouteDetailVC.swift in Sources */,
				961F056324AA6517006DE4C5 /* MyAreasVC.swift in Sources */,
				96A6430C24C0E32400226EEC /* SceneLocationManager.swift in Sources */,
				40CE769C24B8EB0400CE3507 /* LogAreaVC.swift in Sources */,
				9694582C24B571430093D943 /* Area.swift in Sources */,
				96A642EE24C0E0ED00226EEC /* SceneLocationView+ARSCNViewDelegate.swift in Sources */,
				961F056524AA658F006DE4C5 /* ARviewVC.swift in Sources */,
				96A642F724C0E2F700226EEC /* PolylineNode.swift in Sources */,
				400E6B7E24D37C8B00E618BA /* DoneTrackingVC.swift in Sources */,
			);
			runOnlyForDeploymentPostprocessing = 0;
		};
		40EAA79F24A8152400F41366 /* Sources */ = {
			isa = PBXSourcesBuildPhase;
			buildActionMask = 2147483647;
			files = (
				40EAA7A824A8152400F41366 /* FrontPageLayoutTests.swift in Sources */,
				967A62F524C614DF00890267 /* areaCragRouteTests.swift in Sources */,
			);
			runOnlyForDeploymentPostprocessing = 0;
		};
		40EAA7AA24A8152400F41366 /* Sources */ = {
			isa = PBXSourcesBuildPhase;
			buildActionMask = 2147483647;
			files = (
				40EAA7B324A8152400F41366 /* SendARUITests.swift in Sources */,
			);
			runOnlyForDeploymentPostprocessing = 0;
		};
/* End PBXSourcesBuildPhase section */

/* Begin PBXTargetDependency section */
		40EAA7A524A8152400F41366 /* PBXTargetDependency */ = {
			isa = PBXTargetDependency;
			target = 40EAA78C24A8152300F41366 /* SendAR */;
			targetProxy = 40EAA7A424A8152400F41366 /* PBXContainerItemProxy */;
		};
		40EAA7B024A8152400F41366 /* PBXTargetDependency */ = {
			isa = PBXTargetDependency;
			target = 40EAA78C24A8152300F41366 /* SendAR */;
			targetProxy = 40EAA7AF24A8152400F41366 /* PBXContainerItemProxy */;
		};
/* End PBXTargetDependency section */

/* Begin PBXVariantGroup section */
		40EAA79624A8152300F41366 /* Main.storyboard */ = {
			isa = PBXVariantGroup;
			children = (
				40EAA79724A8152300F41366 /* Base */,
			);
			name = Main.storyboard;
			sourceTree = "<group>";
		};
		40EAA79B24A8152400F41366 /* LaunchScreen.storyboard */ = {
			isa = PBXVariantGroup;
			children = (
				40EAA79C24A8152400F41366 /* Base */,
			);
			name = LaunchScreen.storyboard;
			sourceTree = "<group>";
		};
/* End PBXVariantGroup section */

/* Begin XCBuildConfiguration section */
		40EAA7B524A8152400F41366 /* Debug */ = {
			isa = XCBuildConfiguration;
			buildSettings = {
				ALWAYS_SEARCH_USER_PATHS = NO;
				CLANG_ANALYZER_NONNULL = YES;
				CLANG_ANALYZER_NUMBER_OBJECT_CONVERSION = YES_AGGRESSIVE;
				CLANG_CXX_LANGUAGE_STANDARD = "gnu++14";
				CLANG_CXX_LIBRARY = "libc++";
				CLANG_ENABLE_MODULES = YES;
				CLANG_ENABLE_OBJC_ARC = YES;
				CLANG_ENABLE_OBJC_WEAK = YES;
				CLANG_WARN_BLOCK_CAPTURE_AUTORELEASING = YES;
				CLANG_WARN_BOOL_CONVERSION = YES;
				CLANG_WARN_COMMA = YES;
				CLANG_WARN_CONSTANT_CONVERSION = YES;
				CLANG_WARN_DEPRECATED_OBJC_IMPLEMENTATIONS = YES;
				CLANG_WARN_DIRECT_OBJC_ISA_USAGE = YES_ERROR;
				CLANG_WARN_DOCUMENTATION_COMMENTS = YES;
				CLANG_WARN_EMPTY_BODY = YES;
				CLANG_WARN_ENUM_CONVERSION = YES;
				CLANG_WARN_INFINITE_RECURSION = YES;
				CLANG_WARN_INT_CONVERSION = YES;
				CLANG_WARN_NON_LITERAL_NULL_CONVERSION = YES;
				CLANG_WARN_OBJC_IMPLICIT_RETAIN_SELF = YES;
				CLANG_WARN_OBJC_LITERAL_CONVERSION = YES;
				CLANG_WARN_OBJC_ROOT_CLASS = YES_ERROR;
				CLANG_WARN_RANGE_LOOP_ANALYSIS = YES;
				CLANG_WARN_STRICT_PROTOTYPES = YES;
				CLANG_WARN_SUSPICIOUS_MOVE = YES;
				CLANG_WARN_UNGUARDED_AVAILABILITY = YES_AGGRESSIVE;
				CLANG_WARN_UNREACHABLE_CODE = YES;
				CLANG_WARN__DUPLICATE_METHOD_MATCH = YES;
				COPY_PHASE_STRIP = NO;
				DEBUG_INFORMATION_FORMAT = dwarf;
				ENABLE_STRICT_OBJC_MSGSEND = YES;
				ENABLE_TESTABILITY = YES;
				GCC_C_LANGUAGE_STANDARD = gnu11;
				GCC_DYNAMIC_NO_PIC = NO;
				GCC_NO_COMMON_BLOCKS = YES;
				GCC_OPTIMIZATION_LEVEL = 0;
				GCC_PREPROCESSOR_DEFINITIONS = (
					"DEBUG=1",
					"$(inherited)",
				);
				GCC_WARN_64_TO_32_BIT_CONVERSION = YES;
				GCC_WARN_ABOUT_RETURN_TYPE = YES_ERROR;
				GCC_WARN_UNDECLARED_SELECTOR = YES;
				GCC_WARN_UNINITIALIZED_AUTOS = YES_AGGRESSIVE;
				GCC_WARN_UNUSED_FUNCTION = YES;
				GCC_WARN_UNUSED_VARIABLE = YES;
				IPHONEOS_DEPLOYMENT_TARGET = 13.5;
				MTL_ENABLE_DEBUG_INFO = INCLUDE_SOURCE;
				MTL_FAST_MATH = YES;
				ONLY_ACTIVE_ARCH = YES;
				SDKROOT = iphoneos;
				SWIFT_ACTIVE_COMPILATION_CONDITIONS = DEBUG;
				SWIFT_OPTIMIZATION_LEVEL = "-Onone";
			};
			name = Debug;
		};
		40EAA7B624A8152400F41366 /* Release */ = {
			isa = XCBuildConfiguration;
			buildSettings = {
				ALWAYS_SEARCH_USER_PATHS = NO;
				CLANG_ANALYZER_NONNULL = YES;
				CLANG_ANALYZER_NUMBER_OBJECT_CONVERSION = YES_AGGRESSIVE;
				CLANG_CXX_LANGUAGE_STANDARD = "gnu++14";
				CLANG_CXX_LIBRARY = "libc++";
				CLANG_ENABLE_MODULES = YES;
				CLANG_ENABLE_OBJC_ARC = YES;
				CLANG_ENABLE_OBJC_WEAK = YES;
				CLANG_WARN_BLOCK_CAPTURE_AUTORELEASING = YES;
				CLANG_WARN_BOOL_CONVERSION = YES;
				CLANG_WARN_COMMA = YES;
				CLANG_WARN_CONSTANT_CONVERSION = YES;
				CLANG_WARN_DEPRECATED_OBJC_IMPLEMENTATIONS = YES;
				CLANG_WARN_DIRECT_OBJC_ISA_USAGE = YES_ERROR;
				CLANG_WARN_DOCUMENTATION_COMMENTS = YES;
				CLANG_WARN_EMPTY_BODY = YES;
				CLANG_WARN_ENUM_CONVERSION = YES;
				CLANG_WARN_INFINITE_RECURSION = YES;
				CLANG_WARN_INT_CONVERSION = YES;
				CLANG_WARN_NON_LITERAL_NULL_CONVERSION = YES;
				CLANG_WARN_OBJC_IMPLICIT_RETAIN_SELF = YES;
				CLANG_WARN_OBJC_LITERAL_CONVERSION = YES;
				CLANG_WARN_OBJC_ROOT_CLASS = YES_ERROR;
				CLANG_WARN_RANGE_LOOP_ANALYSIS = YES;
				CLANG_WARN_STRICT_PROTOTYPES = YES;
				CLANG_WARN_SUSPICIOUS_MOVE = YES;
				CLANG_WARN_UNGUARDED_AVAILABILITY = YES_AGGRESSIVE;
				CLANG_WARN_UNREACHABLE_CODE = YES;
				CLANG_WARN__DUPLICATE_METHOD_MATCH = YES;
				COPY_PHASE_STRIP = NO;
				DEBUG_INFORMATION_FORMAT = "dwarf-with-dsym";
				ENABLE_NS_ASSERTIONS = NO;
				ENABLE_STRICT_OBJC_MSGSEND = YES;
				GCC_C_LANGUAGE_STANDARD = gnu11;
				GCC_NO_COMMON_BLOCKS = YES;
				GCC_WARN_64_TO_32_BIT_CONVERSION = YES;
				GCC_WARN_ABOUT_RETURN_TYPE = YES_ERROR;
				GCC_WARN_UNDECLARED_SELECTOR = YES;
				GCC_WARN_UNINITIALIZED_AUTOS = YES_AGGRESSIVE;
				GCC_WARN_UNUSED_FUNCTION = YES;
				GCC_WARN_UNUSED_VARIABLE = YES;
				IPHONEOS_DEPLOYMENT_TARGET = 13.5;
				MTL_ENABLE_DEBUG_INFO = NO;
				MTL_FAST_MATH = YES;
				SDKROOT = iphoneos;
				SWIFT_COMPILATION_MODE = wholemodule;
				SWIFT_OPTIMIZATION_LEVEL = "-O";
				VALIDATE_PRODUCT = YES;
			};
			name = Release;
		};
		40EAA7B824A8152400F41366 /* Debug */ = {
			isa = XCBuildConfiguration;
			buildSettings = {
				ASSETCATALOG_COMPILER_APPICON_NAME = AppIcon;
				CODE_SIGN_STYLE = Automatic;
				DEVELOPMENT_TEAM = A3UJWUP8W2;
				INFOPLIST_FILE = SendAR/Info.plist;
				LD_RUNPATH_SEARCH_PATHS = (
					"$(inherited)",
					"@executable_path/Frameworks",
				);
				PRODUCT_BUNDLE_IDENTIFIER = com.SendAR.SendARB;
				PRODUCT_NAME = SendAR;
				SWIFT_VERSION = 5.0;
				TARGETED_DEVICE_FAMILY = 1;
			};
			name = Debug;
		};
		40EAA7B924A8152400F41366 /* Release */ = {
			isa = XCBuildConfiguration;
			buildSettings = {
				ASSETCATALOG_COMPILER_APPICON_NAME = AppIcon;
				CODE_SIGN_STYLE = Automatic;
				DEVELOPMENT_TEAM = A3UJWUP8W2;
				INFOPLIST_FILE = SendAR/Info.plist;
				LD_RUNPATH_SEARCH_PATHS = (
					"$(inherited)",
					"@executable_path/Frameworks",
				);
				PRODUCT_BUNDLE_IDENTIFIER = com.SendAR.SendARB;
				PRODUCT_NAME = SendAR;
				SWIFT_VERSION = 5.0;
				TARGETED_DEVICE_FAMILY = 1;
			};
			name = Release;
		};
		40EAA7BB24A8152400F41366 /* Debug */ = {
			isa = XCBuildConfiguration;
			buildSettings = {
				ALWAYS_EMBED_SWIFT_STANDARD_LIBRARIES = YES;
				BUNDLE_LOADER = "$(TEST_HOST)";
				CODE_SIGN_STYLE = Automatic;
				DEVELOPMENT_TEAM = 9B6C5XW645;
				INFOPLIST_FILE = SendARTests/Info.plist;
				IPHONEOS_DEPLOYMENT_TARGET = 13.5;
				LD_RUNPATH_SEARCH_PATHS = (
					"$(inherited)",
					"@executable_path/Frameworks",
					"@loader_path/Frameworks",
				);
				PRODUCT_BUNDLE_IDENTIFIER = com.SendAR.SendARTests;
				PRODUCT_NAME = "$(TARGET_NAME)";
				SWIFT_VERSION = 5.0;
				TARGETED_DEVICE_FAMILY = "1,2";
				TEST_HOST = "$(BUILT_PRODUCTS_DIR)/SendAR.app/SendAR";
			};
			name = Debug;
		};
		40EAA7BC24A8152400F41366 /* Release */ = {
			isa = XCBuildConfiguration;
			buildSettings = {
				ALWAYS_EMBED_SWIFT_STANDARD_LIBRARIES = YES;
				BUNDLE_LOADER = "$(TEST_HOST)";
				CODE_SIGN_STYLE = Automatic;
				DEVELOPMENT_TEAM = 9B6C5XW645;
				INFOPLIST_FILE = SendARTests/Info.plist;
				IPHONEOS_DEPLOYMENT_TARGET = 13.5;
				LD_RUNPATH_SEARCH_PATHS = (
					"$(inherited)",
					"@executable_path/Frameworks",
					"@loader_path/Frameworks",
				);
				PRODUCT_BUNDLE_IDENTIFIER = com.SendAR.SendARTests;
				PRODUCT_NAME = "$(TARGET_NAME)";
				SWIFT_VERSION = 5.0;
				TARGETED_DEVICE_FAMILY = "1,2";
				TEST_HOST = "$(BUILT_PRODUCTS_DIR)/SendAR.app/SendAR";
			};
			name = Release;
		};
		40EAA7BE24A8152400F41366 /* Debug */ = {
			isa = XCBuildConfiguration;
			buildSettings = {
				ALWAYS_EMBED_SWIFT_STANDARD_LIBRARIES = YES;
				CODE_SIGN_IDENTITY = "Apple Development";
				"CODE_SIGN_IDENTITY[sdk=macosx*]" = "Apple Development";
				CODE_SIGN_STYLE = Automatic;
				DEVELOPMENT_TEAM = 9B6C5XW645;
				INFOPLIST_FILE = SendARUITests/Info.plist;
				LD_RUNPATH_SEARCH_PATHS = (
					"$(inherited)",
					"@executable_path/Frameworks",
					"@loader_path/Frameworks",
				);
				PRODUCT_BUNDLE_IDENTIFIER = com.SendAR.SendAR;
				PRODUCT_NAME = "$(TARGET_NAME)";
				PROVISIONING_PROFILE_SPECIFIER = "";
				"PROVISIONING_PROFILE_SPECIFIER[sdk=macosx*]" = "";
				SWIFT_VERSION = 5.0;
				TARGETED_DEVICE_FAMILY = "1,2";
				TEST_TARGET_NAME = FrontPageLayout;
			};
			name = Debug;
		};
		40EAA7BF24A8152400F41366 /* Release */ = {
			isa = XCBuildConfiguration;
			buildSettings = {
				ALWAYS_EMBED_SWIFT_STANDARD_LIBRARIES = YES;
				CODE_SIGN_IDENTITY = "Apple Development";
				"CODE_SIGN_IDENTITY[sdk=macosx*]" = "Apple Development";
				CODE_SIGN_STYLE = Automatic;
				DEVELOPMENT_TEAM = 9B6C5XW645;
				INFOPLIST_FILE = SendARUITests/Info.plist;
				LD_RUNPATH_SEARCH_PATHS = (
					"$(inherited)",
					"@executable_path/Frameworks",
					"@loader_path/Frameworks",
				);
				PRODUCT_BUNDLE_IDENTIFIER = com.SendAR.SendAR;
				PRODUCT_NAME = "$(TARGET_NAME)";
				PROVISIONING_PROFILE_SPECIFIER = "";
				"PROVISIONING_PROFILE_SPECIFIER[sdk=macosx*]" = "";
				SWIFT_VERSION = 5.0;
				TARGETED_DEVICE_FAMILY = "1,2";
				TEST_TARGET_NAME = FrontPageLayout;
			};
			name = Release;
		};
/* End XCBuildConfiguration section */

/* Begin XCConfigurationList section */
		40EAA78824A8152200F41366 /* Build configuration list for PBXProject "SendAR" */ = {
			isa = XCConfigurationList;
			buildConfigurations = (
				40EAA7B524A8152400F41366 /* Debug */,
				40EAA7B624A8152400F41366 /* Release */,
			);
			defaultConfigurationIsVisible = 0;
			defaultConfigurationName = Release;
		};
		40EAA7B724A8152400F41366 /* Build configuration list for PBXNativeTarget "SendAR" */ = {
			isa = XCConfigurationList;
			buildConfigurations = (
				40EAA7B824A8152400F41366 /* Debug */,
				40EAA7B924A8152400F41366 /* Release */,
			);
			defaultConfigurationIsVisible = 0;
			defaultConfigurationName = Release;
		};
		40EAA7BA24A8152400F41366 /* Build configuration list for PBXNativeTarget "SendARTests" */ = {
			isa = XCConfigurationList;
			buildConfigurations = (
				40EAA7BB24A8152400F41366 /* Debug */,
				40EAA7BC24A8152400F41366 /* Release */,
			);
			defaultConfigurationIsVisible = 0;
			defaultConfigurationName = Release;
		};
		40EAA7BD24A8152400F41366 /* Build configuration list for PBXNativeTarget "SendARUITests" */ = {
			isa = XCConfigurationList;
			buildConfigurations = (
				40EAA7BE24A8152400F41366 /* Debug */,
				40EAA7BF24A8152400F41366 /* Release */,
			);
			defaultConfigurationIsVisible = 0;
			defaultConfigurationName = Release;
		};
/* End XCConfigurationList section */

/* Begin XCVersionGroup section */
		96ED3F8E24D47B3C00537151 /* AreaAndRouteData.xcdatamodeld */ = {
			isa = XCVersionGroup;
			children = (
				96ED3F8F24D47B3C00537151 /* AreaAndRouteData.xcdatamodel */,
			);
			currentVersion = 96ED3F8F24D47B3C00537151 /* AreaAndRouteData.xcdatamodel */;
			path = AreaAndRouteData.xcdatamodeld;
			sourceTree = "<group>";
			versionGroupType = wrapper.xcdatamodel;
		};
/* End XCVersionGroup section */
	};
	rootObject = 40EAA78524A8152200F41366 /* Project object */;
}
