// !$*UTF8*$!
{
	archiveVersion = 1;
	classes = {
	};
	objectVersion = 50;
	objects = {

/* Begin PBXBuildFile section */
		40EAA79124A8152300F41366 /* AppDelegate.swift in Sources */ = {isa = PBXBuildFile; fileRef = 40EAA79024A8152300F41366 /* AppDelegate.swift */; };
		40EAA79324A8152300F41366 /* SceneDelegate.swift in Sources */ = {isa = PBXBuildFile; fileRef = 40EAA79224A8152300F41366 /* SceneDelegate.swift */; };
		40EAA79524A8152300F41366 /* ViewController.swift in Sources */ = {isa = PBXBuildFile; fileRef = 40EAA79424A8152300F41366 /* ViewController.swift */; };
		40EAA79824A8152300F41366 /* Main.storyboard in Resources */ = {isa = PBXBuildFile; fileRef = 40EAA79624A8152300F41366 /* Main.storyboard */; };
		40EAA79A24A8152400F41366 /* Assets.xcassets in Resources */ = {isa = PBXBuildFile; fileRef = 40EAA79924A8152400F41366 /* Assets.xcassets */; };
		40EAA79D24A8152400F41366 /* LaunchScreen.storyboard in Resources */ = {isa = PBXBuildFile; fileRef = 40EAA79B24A8152400F41366 /* LaunchScreen.storyboard */; };
		40EAA7A824A8152400F41366 /* FrontPageLayoutTests.swift in Sources */ = {isa = PBXBuildFile; fileRef = 40EAA7A724A8152400F41366 /* FrontPageLayoutTests.swift */; };
		40EAA7B324A8152400F41366 /* FrontPageLayoutUITests.swift in Sources */ = {isa = PBXBuildFile; fileRef = 40EAA7B224A8152400F41366 /* FrontPageLayoutUITests.swift */; };
/* End PBXBuildFile section */

/* Begin PBXContainerItemProxy section */
		40EAA7A424A8152400F41366 /* PBXContainerItemProxy */ = {
			isa = PBXContainerItemProxy;
			containerPortal = 40EAA78524A8152200F41366 /* Project object */;
			proxyType = 1;
			remoteGlobalIDString = 40EAA78C24A8152300F41366;
			remoteInfo = FrontPageLayout;
		};
		40EAA7AF24A8152400F41366 /* PBXContainerItemProxy */ = {
			isa = PBXContainerItemProxy;
			containerPortal = 40EAA78524A8152200F41366 /* Project object */;
			proxyType = 1;
			remoteGlobalIDString = 40EAA78C24A8152300F41366;
			remoteInfo = FrontPageLayout;
		};
/* End PBXContainerItemProxy section */

/* Begin PBXFileReference section */
		40EAA78D24A8152300F41366 /* SendAR.app */ = {isa = PBXFileReference; explicitFileType = wrapper.application; includeInIndex = 0; path = SendAR.app; sourceTree = BUILT_PRODUCTS_DIR; };
		40EAA79024A8152300F41366 /* AppDelegate.swift */ = {isa = PBXFileReference; lastKnownFileType = sourcecode.swift; path = AppDelegate.swift; sourceTree = "<group>"; };
		40EAA79224A8152300F41366 /* SceneDelegate.swift */ = {isa = PBXFileReference; lastKnownFileType = sourcecode.swift; path = SceneDelegate.swift; sourceTree = "<group>"; };
		40EAA79424A8152300F41366 /* ViewController.swift */ = {isa = PBXFileReference; lastKnownFileType = sourcecode.swift; path = ViewController.swift; sourceTree = "<group>"; };
		40EAA79724A8152300F41366 /* Base */ = {isa = PBXFileReference; lastKnownFileType = file.storyboard; name = Base; path = Base.lproj/Main.storyboard; sourceTree = "<group>"; };
		40EAA79924A8152400F41366 /* Assets.xcassets */ = {isa = PBXFileReference; lastKnownFileType = folder.assetcatalog; path = Assets.xcassets; sourceTree = "<group>"; };
		40EAA79C24A8152400F41366 /* Base */ = {isa = PBXFileReference; lastKnownFileType = file.storyboard; name = Base; path = Base.lproj/LaunchScreen.storyboard; sourceTree = "<group>"; };
		40EAA79E24A8152400F41366 /* Info.plist */ = {isa = PBXFileReference; lastKnownFileType = text.plist.xml; path = Info.plist; sourceTree = "<group>"; };
		40EAA7A324A8152400F41366 /* SendARTests.xctest */ = {isa = PBXFileReference; explicitFileType = wrapper.cfbundle; includeInIndex = 0; path = SendARTests.xctest; sourceTree = BUILT_PRODUCTS_DIR; };
		40EAA7A724A8152400F41366 /* FrontPageLayoutTests.swift */ = {isa = PBXFileReference; lastKnownFileType = sourcecode.swift; path = FrontPageLayoutTests.swift; sourceTree = "<group>"; };
		40EAA7A924A8152400F41366 /* Info.plist */ = {isa = PBXFileReference; lastKnownFileType = text.plist.xml; path = Info.plist; sourceTree = "<group>"; };
		40EAA7AE24A8152400F41366 /* SendARUITests.xctest */ = {isa = PBXFileReference; explicitFileType = wrapper.cfbundle; includeInIndex = 0; path = SendARUITests.xctest; sourceTree = BUILT_PRODUCTS_DIR; };
		40EAA7B224A8152400F41366 /* FrontPageLayoutUITests.swift */ = {isa = PBXFileReference; lastKnownFileType = sourcecode.swift; path = FrontPageLayoutUITests.swift; sourceTree = "<group>"; };
		40EAA7B424A8152400F41366 /* Info.plist */ = {isa = PBXFileReference; lastKnownFileType = text.plist.xml; path = Info.plist; sourceTree = "<group>"; };
/* End PBXFileReference section */

/* Begin PBXFrameworksBuildPhase section */
		40EAA78A24A8152300F41366 /* Frameworks */ = {
			isa = PBXFrameworksBuildPhase;
			buildActionMask = 2147483647;
			files = (
			);
			runOnlyForDeploymentPostprocessing = 0;
		};
		40EAA7A024A8152400F41366 /* Frameworks */ = {
			isa = PBXFrameworksBuildPhase;
			buildActionMask = 2147483647;
			files = (
			);
			runOnlyForDeploymentPostprocessing = 0;
		};
		40EAA7AB24A8152400F41366 /* Frameworks */ = {
			isa = PBXFrameworksBuildPhase;
			buildActionMask = 2147483647;
			files = (
			);
			runOnlyForDeploymentPostprocessing = 0;
		};
/* End PBXFrameworksBuildPhase section */

/* Begin PBXGroup section */
		40EAA78424A8152200F41366 = {
			isa = PBXGroup;
			children = (
				40EAA78F24A8152300F41366 /* FrontPageLayout */,
				40EAA7A624A8152400F41366 /* FrontPageLayoutTests */,
				40EAA7B124A8152400F41366 /* FrontPageLayoutUITests */,
				40EAA78E24A8152300F41366 /* Products */,
			);
			sourceTree = "<group>";
		};
		40EAA78E24A8152300F41366 /* Products */ = {
			isa = PBXGroup;
			children = (
				40EAA78D24A8152300F41366 /* SendAR.app */,
				40EAA7A324A8152400F41366 /* SendARTests.xctest */,
				40EAA7AE24A8152400F41366 /* SendARUITests.xctest */,
			);
			name = Products;
			sourceTree = "<group>";
		};
		40EAA78F24A8152300F41366 /* FrontPageLayout */ = {
			isa = PBXGroup;
			children = (
				40EAA79024A8152300F41366 /* AppDelegate.swift */,
				40EAA79224A8152300F41366 /* SceneDelegate.swift */,
				40EAA79424A8152300F41366 /* ViewController.swift */,
				40EAA79624A8152300F41366 /* Main.storyboard */,
				40EAA79924A8152400F41366 /* Assets.xcassets */,
				40EAA79B24A8152400F41366 /* LaunchScreen.storyboard */,
				40EAA79E24A8152400F41366 /* Info.plist */,
			);
			path = FrontPageLayout;
			sourceTree = "<group>";
		};
		40EAA7A624A8152400F41366 /* FrontPageLayoutTests */ = {
			isa = PBXGroup;
			children = (
				40EAA7A724A8152400F41366 /* FrontPageLayoutTests.swift */,
				40EAA7A924A8152400F41366 /* Info.plist */,
			);
			path = FrontPageLayoutTests;
			sourceTree = "<group>";
		};
		40EAA7B124A8152400F41366 /* FrontPageLayoutUITests */ = {
			isa = PBXGroup;
			children = (
				40EAA7B224A8152400F41366 /* FrontPageLayoutUITests.swift */,
				40EAA7B424A8152400F41366 /* Info.plist */,
			);
			path = FrontPageLayoutUITests;
			sourceTree = "<group>";
		};
/* End PBXGroup section */

/* Begin PBXNativeTarget section */
		40EAA78C24A8152300F41366 /* SendAR */ = {
			isa = PBXNativeTarget;
			buildConfigurationList = 40EAA7B724A8152400F41366 /* Build configuration list for PBXNativeTarget "SendAR" */;
			buildPhases = (
				40EAA78924A8152300F41366 /* Sources */,
				40EAA78A24A8152300F41366 /* Frameworks */,
				40EAA78B24A8152300F41366 /* Resources */,
			);
			buildRules = (
			);
			dependencies = (
			);
			name = SendAR;
			productName = FrontPageLayout;
			productReference = 40EAA78D24A8152300F41366 /* SendAR.app */;
			productType = "com.apple.product-type.application";
		};
		40EAA7A224A8152400F41366 /* SendARTests */ = {
			isa = PBXNativeTarget;
			buildConfigurationList = 40EAA7BA24A8152400F41366 /* Build configuration list for PBXNativeTarget "SendARTests" */;
			buildPhases = (
				40EAA79F24A8152400F41366 /* Sources */,
				40EAA7A024A8152400F41366 /* Frameworks */,
				40EAA7A124A8152400F41366 /* Resources */,
			);
			buildRules = (
			);
			dependencies = (
				40EAA7A524A8152400F41366 /* PBXTargetDependency */,
			);
			name = SendARTests;
			productName = FrontPageLayoutTests;
			productReference = 40EAA7A324A8152400F41366 /* SendARTests.xctest */;
			productType = "com.apple.product-type.bundle.unit-test";
		};
		40EAA7AD24A8152400F41366 /* SendARUITests */ = {
			isa = PBXNativeTarget;
			buildConfigurationList = 40EAA7BD24A8152400F41366 /* Build configuration list for PBXNativeTarget "SendARUITests" */;
			buildPhases = (
				40EAA7AA24A8152400F41366 /* Sources */,
				40EAA7AB24A8152400F41366 /* Frameworks */,
				40EAA7AC24A8152400F41366 /* Resources */,
			);
			buildRules = (
			);
			dependencies = (
				40EAA7B024A8152400F41366 /* PBXTargetDependency */,
			);
			name = SendARUITests;
			productName = FrontPageLayoutUITests;
			productReference = 40EAA7AE24A8152400F41366 /* SendARUITests.xctest */;
			productType = "com.apple.product-type.bundle.ui-testing";
		};
/* End PBXNativeTarget section */

/* Begin PBXProject section */
		40EAA78524A8152200F41366 /* Project object */ = {
			isa = PBXProject;
			attributes = {
				LastSwiftUpdateCheck = 1150;
				LastUpgradeCheck = 1150;
				ORGANIZATIONNAME = "Bennett Baker";
				TargetAttributes = {
					40EAA78C24A8152300F41366 = {
						CreatedOnToolsVersion = 11.5;
					};
					40EAA7A224A8152400F41366 = {
						CreatedOnToolsVersion = 11.5;
						TestTargetID = 40EAA78C24A8152300F41366;
					};
					40EAA7AD24A8152400F41366 = {
						CreatedOnToolsVersion = 11.5;
						TestTargetID = 40EAA78C24A8152300F41366;
					};
				};
			};
			buildConfigurationList = 40EAA78824A8152200F41366 /* Build configuration list for PBXProject "SendAR" */;
			compatibilityVersion = "Xcode 9.3";
			developmentRegion = en;
			hasScannedForEncodings = 0;
			knownRegions = (
				en,
				Base,
			);
			mainGroup = 40EAA78424A8152200F41366;
			productRefGroup = 40EAA78E24A8152300F41366 /* Products */;
			projectDirPath = "";
			projectRoot = "";
			targets = (
				40EAA78C24A8152300F41366 /* SendAR */,
				40EAA7A224A8152400F41366 /* SendARTests */,
				40EAA7AD24A8152400F41366 /* SendARUITests */,
			);
		};
/* End PBXProject section */

/* Begin PBXResourcesBuildPhase section */
		40EAA78B24A8152300F41366 /* Resources */ = {
			isa = PBXResourcesBuildPhase;
			buildActionMask = 2147483647;
			files = (
				40EAA79D24A8152400F41366 /* LaunchScreen.storyboard in Resources */,
				40EAA79A24A8152400F41366 /* Assets.xcassets in Resources */,
				40EAA79824A8152300F41366 /* Main.storyboard in Resources */,
			);
			runOnlyForDeploymentPostprocessing = 0;
		};
		40EAA7A124A8152400F41366 /* Resources */ = {
			isa = PBXResourcesBuildPhase;
			buildActionMask = 2147483647;
			files = (
			);
			runOnlyForDeploymentPostprocessing = 0;
		};
		40EAA7AC24A8152400F41366 /* Resources */ = {
			isa = PBXResourcesBuildPhase;
			buildActionMask = 2147483647;
			files = (
			);
			runOnlyForDeploymentPostprocessing = 0;
		};
/* End PBXResourcesBuildPhase section */

/* Begin PBXSourcesBuildPhase section */
		40EAA78924A8152300F41366 /* Sources */ = {
			isa = PBXSourcesBuildPhase;
			buildActionMask = 2147483647;
			files = (
				40EAA79524A8152300F41366 /* ViewController.swift in Sources */,
				40EAA79124A8152300F41366 /* AppDelegate.swift in Sources */,
				40EAA79324A8152300F41366 /* SceneDelegate.swift in Sources */,
			);
			runOnlyForDeploymentPostprocessing = 0;
		};
		40EAA79F24A8152400F41366 /* Sources */ = {
			isa = PBXSourcesBuildPhase;
			buildActionMask = 2147483647;
			files = (
				40EAA7A824A8152400F41366 /* FrontPageLayoutTests.swift in Sources */,
			);
			runOnlyForDeploymentPostprocessing = 0;
		};
		40EAA7AA24A8152400F41366 /* Sources */ = {
			isa = PBXSourcesBuildPhase;
			buildActionMask = 2147483647;
			files = (
				40EAA7B324A8152400F41366 /* FrontPageLayoutUITests.swift in Sources */,
			);
			runOnlyForDeploymentPostprocessing = 0;
		};
/* End PBXSourcesBuildPhase section */

/* Begin PBXTargetDependency section */
		40EAA7A524A8152400F41366 /* PBXTargetDependency */ = {
			isa = PBXTargetDependency;
			target = 40EAA78C24A8152300F41366 /* SendAR */;
			targetProxy = 40EAA7A424A8152400F41366 /* PBXContainerItemProxy */;
		};
		40EAA7B024A8152400F41366 /* PBXTargetDependency */ = {
			isa = PBXTargetDependency;
			target = 40EAA78C24A8152300F41366 /* SendAR */;
			targetProxy = 40EAA7AF24A8152400F41366 /* PBXContainerItemProxy */;
		};
/* End PBXTargetDependency section */

/* Begin PBXVariantGroup section */
		40EAA79624A8152300F41366 /* Main.storyboard */ = {
			isa = PBXVariantGroup;
			children = (
				40EAA79724A8152300F41366 /* Base */,
			);
			name = Main.storyboard;
			sourceTree = "<group>";
		};
		40EAA79B24A8152400F41366 /* LaunchScreen.storyboard */ = {
			isa = PBXVariantGroup;
			children = (
				40EAA79C24A8152400F41366 /* Base */,
			);
			name = LaunchScreen.storyboard;
			sourceTree = "<group>";
		};
/* End PBXVariantGroup section */

/* Begin XCBuildConfiguration section */
		40EAA7B524A8152400F41366 /* Debug */ = {
			isa = XCBuildConfiguration;
			buildSettings = {
				ALWAYS_SEARCH_USER_PATHS = NO;
				CLANG_ANALYZER_NONNULL = YES;
				CLANG_ANALYZER_NUMBER_OBJECT_CONVERSION = YES_AGGRESSIVE;
				CLANG_CXX_LANGUAGE_STANDARD = "gnu++14";
				CLANG_CXX_LIBRARY = "libc++";
				CLANG_ENABLE_MODULES = YES;
				CLANG_ENABLE_OBJC_ARC = YES;
				CLANG_ENABLE_OBJC_WEAK = YES;
				CLANG_WARN_BLOCK_CAPTURE_AUTORELEASING = YES;
				CLANG_WARN_BOOL_CONVERSION = YES;
				CLANG_WARN_COMMA = YES;
				CLANG_WARN_CONSTANT_CONVERSION = YES;
				CLANG_WARN_DEPRECATED_OBJC_IMPLEMENTATIONS = YES;
				CLANG_WARN_DIRECT_OBJC_ISA_USAGE = YES_ERROR;
				CLANG_WARN_DOCUMENTATION_COMMENTS = YES;
				CLANG_WARN_EMPTY_BODY = YES;
				CLANG_WARN_ENUM_CONVERSION = YES;
				CLANG_WARN_INFINITE_RECURSION = YES;
				CLANG_WARN_INT_CONVERSION = YES;
				CLANG_WARN_NON_LITERAL_NULL_CONVERSION = YES;
				CLANG_WARN_OBJC_IMPLICIT_RETAIN_SELF = YES;
				CLANG_WARN_OBJC_LITERAL_CONVERSION = YES;
				CLANG_WARN_OBJC_ROOT_CLASS = YES_ERROR;
				CLANG_WARN_RANGE_LOOP_ANALYSIS = YES;
				CLANG_WARN_STRICT_PROTOTYPES = YES;
				CLANG_WARN_SUSPICIOUS_MOVE = YES;
				CLANG_WARN_UNGUARDED_AVAILABILITY = YES_AGGRESSIVE;
				CLANG_WARN_UNREACHABLE_CODE = YES;
				CLANG_WARN__DUPLICATE_METHOD_MATCH = YES;
				COPY_PHASE_STRIP = NO;
				DEBUG_INFORMATION_FORMAT = dwarf;
				ENABLE_STRICT_OBJC_MSGSEND = YES;
				ENABLE_TESTABILITY = YES;
				GCC_C_LANGUAGE_STANDARD = gnu11;
				GCC_DYNAMIC_NO_PIC = NO;
				GCC_NO_COMMON_BLOCKS = YES;
				GCC_OPTIMIZATION_LEVEL = 0;
				GCC_PREPROCESSOR_DEFINITIONS = (
					"DEBUG=1",
					"$(inherited)",
				);
				GCC_WARN_64_TO_32_BIT_CONVERSION = YES;
				GCC_WARN_ABOUT_RETURN_TYPE = YES_ERROR;
				GCC_WARN_UNDECLARED_SELECTOR = YES;
				GCC_WARN_UNINITIALIZED_AUTOS = YES_AGGRESSIVE;
				GCC_WARN_UNUSED_FUNCTION = YES;
				GCC_WARN_UNUSED_VARIABLE = YES;
				IPHONEOS_DEPLOYMENT_TARGET = 13.5;
				MTL_ENABLE_DEBUG_INFO = INCLUDE_SOURCE;
				MTL_FAST_MATH = YES;
				ONLY_ACTIVE_ARCH = YES;
				SDKROOT = iphoneos;
				SWIFT_ACTIVE_COMPILATION_CONDITIONS = DEBUG;
				SWIFT_OPTIMIZATION_LEVEL = "-Onone";
			};
			name = Debug;
		};
		40EAA7B624A8152400F41366 /* Release */ = {
			isa = XCBuildConfiguration;
			buildSettings = {
				ALWAYS_SEARCH_USER_PATHS = NO;
				CLANG_ANALYZER_NONNULL = YES;
				CLANG_ANALYZER_NUMBER_OBJECT_CONVERSION = YES_AGGRESSIVE;
				CLANG_CXX_LANGUAGE_STANDARD = "gnu++14";
				CLANG_CXX_LIBRARY = "libc++";
				CLANG_ENABLE_MODULES = YES;
				CLANG_ENABLE_OBJC_ARC = YES;
				CLANG_ENABLE_OBJC_WEAK = YES;
				CLANG_WARN_BLOCK_CAPTURE_AUTORELEASING = YES;
				CLANG_WARN_BOOL_CONVERSION = YES;
				CLANG_WARN_COMMA = YES;
				CLANG_WARN_CONSTANT_CONVERSION = YES;
				CLANG_WARN_DEPRECATED_OBJC_IMPLEMENTATIONS = YES;
				CLANG_WARN_DIRECT_OBJC_ISA_USAGE = YES_ERROR;
				CLANG_WARN_DOCUMENTATION_COMMENTS = YES;
				CLANG_WARN_EMPTY_BODY = YES;
				CLANG_WARN_ENUM_CONVERSION = YES;
				CLANG_WARN_INFINITE_RECURSION = YES;
				CLANG_WARN_INT_CONVERSION = YES;
				CLANG_WARN_NON_LITERAL_NULL_CONVERSION = YES;
				CLANG_WARN_OBJC_IMPLICIT_RETAIN_SELF = YES;
				CLANG_WARN_OBJC_LITERAL_CONVERSION = YES;
				CLANG_WARN_OBJC_ROOT_CLASS = YES_ERROR;
				CLANG_WARN_RANGE_LOOP_ANALYSIS = YES;
				CLANG_WARN_STRICT_PROTOTYPES = YES;
				CLANG_WARN_SUSPICIOUS_MOVE = YES;
				CLANG_WARN_UNGUARDED_AVAILABILITY = YES_AGGRESSIVE;
				CLANG_WARN_UNREACHABLE_CODE = YES;
				CLANG_WARN__DUPLICATE_METHOD_MATCH = YES;
				COPY_PHASE_STRIP = NO;
				DEBUG_INFORMATION_FORMAT = "dwarf-with-dsym";
				ENABLE_NS_ASSERTIONS = NO;
				ENABLE_STRICT_OBJC_MSGSEND = YES;
				GCC_C_LANGUAGE_STANDARD = gnu11;
				GCC_NO_COMMON_BLOCKS = YES;
				GCC_WARN_64_TO_32_BIT_CONVERSION = YES;
				GCC_WARN_ABOUT_RETURN_TYPE = YES_ERROR;
				GCC_WARN_UNDECLARED_SELECTOR = YES;
				GCC_WARN_UNINITIALIZED_AUTOS = YES_AGGRESSIVE;
				GCC_WARN_UNUSED_FUNCTION = YES;
				GCC_WARN_UNUSED_VARIABLE = YES;
				IPHONEOS_DEPLOYMENT_TARGET = 13.5;
				MTL_ENABLE_DEBUG_INFO = NO;
				MTL_FAST_MATH = YES;
				SDKROOT = iphoneos;
				SWIFT_COMPILATION_MODE = wholemodule;
				SWIFT_OPTIMIZATION_LEVEL = "-O";
				VALIDATE_PRODUCT = YES;
			};
			name = Release;
		};
		40EAA7B824A8152400F41366 /* Debug */ = {
			isa = XCBuildConfiguration;
			buildSettings = {
				ASSETCATALOG_COMPILER_APPICON_NAME = AppIcon;
				CODE_SIGN_STYLE = Automatic;
				DEVELOPMENT_TEAM = 9B6C5XW645;
				INFOPLIST_FILE = FrontPageLayout/Info.plist;
				LD_RUNPATH_SEARCH_PATHS = (
					"$(inherited)",
					"@executable_path/Frameworks",
				);
				PRODUCT_BUNDLE_IDENTIFIER = com.SendAR.SendAR;
				PRODUCT_NAME = SendAR;
				SWIFT_VERSION = 5.0;
				TARGETED_DEVICE_FAMILY = "1,2";
			};
			name = Debug;
		};
		40EAA7B924A8152400F41366 /* Release */ = {
			isa = XCBuildConfiguration;
			buildSettings = {
				ASSETCATALOG_COMPILER_APPICON_NAME = AppIcon;
				CODE_SIGN_STYLE = Automatic;
				DEVELOPMENT_TEAM = 9B6C5XW645;
				INFOPLIST_FILE = FrontPageLayout/Info.plist;
				LD_RUNPATH_SEARCH_PATHS = (
					"$(inherited)",
					"@executable_path/Frameworks",
				);
				PRODUCT_BUNDLE_IDENTIFIER = com.SendAR.SendAR;
				PRODUCT_NAME = SendAR;
				SWIFT_VERSION = 5.0;
				TARGETED_DEVICE_FAMILY = "1,2";
			};
			name = Release;
		};
		40EAA7BB24A8152400F41366 /* Debug */ = {
			isa = XCBuildConfiguration;
			buildSettings = {
				ALWAYS_EMBED_SWIFT_STANDARD_LIBRARIES = YES;
				BUNDLE_LOADER = "$(TEST_HOST)";
				CODE_SIGN_STYLE = Automatic;
				DEVELOPMENT_TEAM = A3UJWUP8W2;
				INFOPLIST_FILE = FrontPageLayoutTests/Info.plist;
				IPHONEOS_DEPLOYMENT_TARGET = 13.5;
				LD_RUNPATH_SEARCH_PATHS = (
					"$(inherited)",
					"@executable_path/Frameworks",
					"@loader_path/Frameworks",
				);
				PRODUCT_BUNDLE_IDENTIFIER = com.bennettbaker.FrontPageLayoutTests;
				PRODUCT_NAME = "$(TARGET_NAME)";
				SWIFT_VERSION = 5.0;
				TARGETED_DEVICE_FAMILY = "1,2";
				TEST_HOST = "$(BUILT_PRODUCTS_DIR)/SendAR.app/SendAR";
			};
			name = Debug;
		};
		40EAA7BC24A8152400F41366 /* Release */ = {
			isa = XCBuildConfiguration;
			buildSettings = {
				ALWAYS_EMBED_SWIFT_STANDARD_LIBRARIES = YES;
				BUNDLE_LOADER = "$(TEST_HOST)";
				CODE_SIGN_STYLE = Automatic;
				DEVELOPMENT_TEAM = A3UJWUP8W2;
				INFOPLIST_FILE = FrontPageLayoutTests/Info.plist;
				IPHONEOS_DEPLOYMENT_TARGET = 13.5;
				LD_RUNPATH_SEARCH_PATHS = (
					"$(inherited)",
					"@executable_path/Frameworks",
					"@loader_path/Frameworks",
				);
				PRODUCT_BUNDLE_IDENTIFIER = com.bennettbaker.FrontPageLayoutTests;
				PRODUCT_NAME = "$(TARGET_NAME)";
				SWIFT_VERSION = 5.0;
				TARGETED_DEVICE_FAMILY = "1,2";
				TEST_HOST = "$(BUILT_PRODUCTS_DIR)/SendAR.app/SendAR";
			};
			name = Release;
		};
		40EAA7BE24A8152400F41366 /* Debug */ = {
			isa = XCBuildConfiguration;
			buildSettings = {
				ALWAYS_EMBED_SWIFT_STANDARD_LIBRARIES = YES;
				CODE_SIGN_STYLE = Automatic;
				DEVELOPMENT_TEAM = A3UJWUP8W2;
				INFOPLIST_FILE = FrontPageLayoutUITests/Info.plist;
				LD_RUNPATH_SEARCH_PATHS = (
					"$(inherited)",
					"@executable_path/Frameworks",
					"@loader_path/Frameworks",
				);
				PRODUCT_BUNDLE_IDENTIFIER = com.bennettbaker.FrontPageLayoutUITests;
				PRODUCT_NAME = "$(TARGET_NAME)";
				SWIFT_VERSION = 5.0;
				TARGETED_DEVICE_FAMILY = "1,2";
				TEST_TARGET_NAME = FrontPageLayout;
			};
			name = Debug;
		};
		40EAA7BF24A8152400F41366 /* Release */ = {
			isa = XCBuildConfiguration;
			buildSettings = {
				ALWAYS_EMBED_SWIFT_STANDARD_LIBRARIES = YES;
				CODE_SIGN_STYLE = Automatic;
				DEVELOPMENT_TEAM = A3UJWUP8W2;
				INFOPLIST_FILE = FrontPageLayoutUITests/Info.plist;
				LD_RUNPATH_SEARCH_PATHS = (
					"$(inherited)",
					"@executable_path/Frameworks",
					"@loader_path/Frameworks",
				);
				PRODUCT_BUNDLE_IDENTIFIER = com.bennettbaker.FrontPageLayoutUITests;
				PRODUCT_NAME = "$(TARGET_NAME)";
				SWIFT_VERSION = 5.0;
				TARGETED_DEVICE_FAMILY = "1,2";
				TEST_TARGET_NAME = FrontPageLayout;
			};
			name = Release;
		};
/* End XCBuildConfiguration section */

/* Begin XCConfigurationList section */
		40EAA78824A8152200F41366 /* Build configuration list for PBXProject "SendAR" */ = {
			isa = XCConfigurationList;
			buildConfigurations = (
				40EAA7B524A8152400F41366 /* Debug */,
				40EAA7B624A8152400F41366 /* Release */,
			);
			defaultConfigurationIsVisible = 0;
			defaultConfigurationName = Release;
		};
		40EAA7B724A8152400F41366 /* Build configuration list for PBXNativeTarget "SendAR" */ = {
			isa = XCConfigurationList;
			buildConfigurations = (
				40EAA7B824A8152400F41366 /* Debug */,
				40EAA7B924A8152400F41366 /* Release */,
			);
			defaultConfigurationIsVisible = 0;
			defaultConfigurationName = Release;
		};
		40EAA7BA24A8152400F41366 /* Build configuration list for PBXNativeTarget "SendARTests" */ = {
			isa = XCConfigurationList;
			buildConfigurations = (
				40EAA7BB24A8152400F41366 /* Debug */,
				40EAA7BC24A8152400F41366 /* Release */,
			);
			defaultConfigurationIsVisible = 0;
			defaultConfigurationName = Release;
		};
		40EAA7BD24A8152400F41366 /* Build configuration list for PBXNativeTarget "SendARUITests" */ = {
			isa = XCConfigurationList;
			buildConfigurations = (
				40EAA7BE24A8152400F41366 /* Debug */,
				40EAA7BF24A8152400F41366 /* Release */,
			);
			defaultConfigurationIsVisible = 0;
			defaultConfigurationName = Release;
		};
/* End XCConfigurationList section */
	};
	rootObject = 40EAA78524A8152200F41366 /* Project object */;
}
